<?xml version="1.0" encoding="utf-8"?>
<Project ToolsVersion="4.0" xmlns="http://schemas.microsoft.com/developer/msbuild/2003">
  <ItemGroup>
    <Filter Include="ソース ファイル">
      <UniqueIdentifier>{4FC737F1-C7A5-4376-A066-2A32D752A2FF}</UniqueIdentifier>
      <Extensions>cpp;c;cc;cxx;def;odl;idl;hpj;bat;asm;asmx</Extensions>
    </Filter>
    <Filter Include="ソース ファイル\Auto">
      <UniqueIdentifier>{4e2a70ec-c0a7-4d4e-b7a7-b001cc96f2a4}</UniqueIdentifier>
    </Filter>
    <Filter Include="ソース ファイル\WorkThread">
      <UniqueIdentifier>{4460a105-b7b4-49c8-9e1a-a961d3888498}</UniqueIdentifier>
    </Filter>
    <Filter Include="ヘッダー ファイル">
      <UniqueIdentifier>{93995380-89BD-4b04-88EB-625FBE52EBFB}</UniqueIdentifier>
      <Extensions>h;hpp;hxx;hm;inl;inc;xsd</Extensions>
    </Filter>
    <Filter Include="ヘッダー ファイル\Auto">
      <UniqueIdentifier>{319b9aef-4d69-43ac-8085-94f6741ac81d}</UniqueIdentifier>
    </Filter>
    <Filter Include="ヘッダー ファイル\WorkThread">
      <UniqueIdentifier>{5600c509-44c1-47dc-83f0-e5e7199930b5}</UniqueIdentifier>
    </Filter>
    <Filter Include="ヘッダー ファイル\共通ヘッダ">
      <UniqueIdentifier>{6e579bd3-821d-4431-915b-14dcfc09b815}</UniqueIdentifier>
    </Filter>
    <Filter Include="ヘッダー ファイル\EPC">
      <UniqueIdentifier>{a6fd23bd-b451-4bf5-afed-75c6c1f1e71a}</UniqueIdentifier>
    </Filter>
    <Filter Include="リソース ファイル">
      <UniqueIdentifier>{67DA6AB6-F800-4c08-8B7A-83BB121AAD01}</UniqueIdentifier>
      <Extensions>rc;ico;cur;bmp;dlg;rc2;rct;bin;rgs;gif;jpg;jpeg;jpe;resx;tiff;tif;png;wav</Extensions>
    </Filter>
  </ItemGroup>
  <ItemGroup>
    <ClCompile Include="MainInctance.cpp">
      <Filter>ソース ファイル</Filter>
    </ClCompile>
    <ClCompile Include="HT_DEFECT.cpp">
      <Filter>ソース ファイル\Auto</Filter>
    </ClCompile>
    <ClCompile Include="HT_DEFECTDlg.cpp">
      <Filter>ソース ファイル\Auto</Filter>
    </ClCompile>
    <ClCompile Include="stdafx.cpp">
      <Filter>ソース ファイル\Auto</Filter>
    </ClCompile>
    <ClCompile Include="CommandSender.cpp">
      <Filter>ソース ファイル\WorkThread</Filter>
    </ClCompile>
    <ClCompile Include="DataRecver.cpp">
      <Filter>ソース ファイル\WorkThread</Filter>
    </ClCompile>
    <ClCompile Include="DataSender.cpp">
      <Filter>ソース ファイル\WorkThread</Filter>
    </ClCompile>
    <ClCompile Include="StatusManager.cpp">
      <Filter>ソース ファイル\WorkThread</Filter>
    </ClCompile>
    <ClCompile Include="CheckLogic.cpp">
      <Filter>ソース ファイル\WorkThread</Filter>
    </ClCompile>
    <ClCompile Include="ParamManager.cpp">
      <Filter>ソース ファイル\WorkThread</Filter>
    </ClCompile>
    <ClCompile Include="CullManager.cpp">
      <Filter>ソース ファイル\WorkThread</Filter>
    </ClCompile>
  </ItemGroup>
  <ItemGroup>
    <ClInclude Include="MainConst.h">
      <Filter>ヘッダー ファイル</Filter>
    </ClInclude>
    <ClInclude Include="MainInctance.h">
      <Filter>ヘッダー ファイル</Filter>
    </ClInclude>
    <ClInclude Include="HT_DEFECT.h">
      <Filter>ヘッダー ファイル\Auto</Filter>
    </ClInclude>
    <ClInclude Include="HT_DEFECTDlg.h">
      <Filter>ヘッダー ファイル\Auto</Filter>
    </ClInclude>
    <ClInclude Include="Resource.h">
      <Filter>ヘッダー ファイル\Auto</Filter>
    </ClInclude>
    <ClInclude Include="stdafx.h">
      <Filter>ヘッダー ファイル\Auto</Filter>
    </ClInclude>
    <ClInclude Include="CommandSender.h">
      <Filter>ヘッダー ファイル\WorkThread</Filter>
    </ClInclude>
    <ClInclude Include="DataRecver.h">
      <Filter>ヘッダー ファイル\WorkThread</Filter>
    </ClInclude>
    <ClInclude Include="DataSender.h">
      <Filter>ヘッダー ファイル\WorkThread</Filter>
    </ClInclude>
    <ClInclude Include="StatusManager.h">
      <Filter>ヘッダー ファイル\WorkThread</Filter>
    </ClInclude>
    <ClInclude Include="..\..\Include\KizuCommon.h">
      <Filter>ヘッダー ファイル\共通ヘッダ</Filter>
    </ClInclude>
    <ClInclude Include="..\..\Include\LibSelect.h">
      <Filter>ヘッダー ファイル\共通ヘッダ</Filter>
    </ClInclude>
    <ClInclude Include="..\..\Include\LineCommon.h">
      <Filter>ヘッダー ファイル\共通ヘッダ</Filter>
    </ClInclude>
    <ClInclude Include="..\..\Include\ToHtCommon.h">
      <Filter>ヘッダー ファイル\共通ヘッダ</Filter>
    </ClInclude>
    <ClInclude Include="..\..\Include\OutIF_HT_RAW.h">
      <Filter>ヘッダー ファイル\共通ヘッダ</Filter>
    </ClInclude>
    <ClInclude Include="CheckLogic.h">
      <Filter>ヘッダー ファイル\WorkThread</Filter>
    </ClInclude>
    <ClInclude Include="..\..\Include\EPC\NCL2attr.h">
      <Filter>ヘッダー ファイル</Filter>
    </ClInclude>
    <ClInclude Include="..\..\Include\EPC\NCL2DETECT_if.h">
      <Filter>ヘッダー ファイル</Filter>
    </ClInclude>
  </ItemGroup>
  <ItemGroup>
    <None Include="res\HT_DEFECT.ico">
      <Filter>リソース ファイル</Filter>
    </None>
    <None Include="res\HT_DEFECT.rc2">
      <Filter>リソース ファイル</Filter>
    </None>
    <None Include="ReadMe.txt" />
  </ItemGroup>
  <ItemGroup>
    <ResourceCompile Include="HT_DEFECT.rc">
      <Filter>リソース ファイル</Filter>
    </ResourceCompile>
  </ItemGroup>
</Project>