
Microsoft Visual Studio Solution File, Format Version 11.00
# Visual Studio 2010
Project("{F184B08F-C81C-45F6-A57F-5ABD9991F28F}") = "tBinaryDump2010", "tBinaryDump2010.vbproj", "{E2E077E1-ACEF-47D1-BC93-C0E2A35C40DC}"
EndProject
Project("{F184B08F-C81C-45F6-A57F-5ABD9991F28F}") = "tClassLibrary2010", "..\..\Library\tClassLibrary\tClassLibrary2010.vbproj", "{F8144424-2197-479C-9BB0-89D2DA9C5847}"
EndProject
Global
	GlobalSection(SolutionConfigurationPlatforms) = preSolution
		Debug|Any CPU = Debug|Any CPU
		Debug|x86 = Debug|x86
		Release|Any CPU = Release|Any CPU
		Release|x86 = Release|x86
	EndGlobalSection
	GlobalSection(ProjectConfigurationPlatforms) = postSolution
		{E2E077E1-ACEF-47D1-BC93-C0E2A35C40DC}.Debug|Any CPU.ActiveCfg = Debug|Any CPU
		{E2E077E1-ACEF-47D1-BC93-C0E2A35C40DC}.Debug|Any CPU.Build.0 = Debug|Any CPU
		{E2E077E1-ACEF-47D1-BC93-C0E2A35C40DC}.Debug|x86.ActiveCfg = Debug|x86
		{E2E077E1-ACEF-47D1-BC93-C0E2A35C40DC}.Debug|x86.Build.0 = Debug|x86
		{E2E077E1-ACEF-47D1-BC93-C0E2A35C40DC}.Release|Any CPU.ActiveCfg = Release|Any CPU
		{E2E077E1-ACEF-47D1-BC93-C0E2A35C40DC}.Release|Any CPU.Build.0 = Release|Any CPU
		{E2E077E1-ACEF-47D1-BC93-C0E2A35C40DC}.Release|x86.ActiveCfg = Release|x86
		{E2E077E1-ACEF-47D1-BC93-C0E2A35C40DC}.Release|x86.Build.0 = Release|x86
		{F8144424-2197-479C-9BB0-89D2DA9C5847}.Debug|Any CPU.ActiveCfg = Debug|Any CPU
		{F8144424-2197-479C-9BB0-89D2DA9C5847}.Debug|Any CPU.Build.0 = Debug|Any CPU
		{F8144424-2197-479C-9BB0-89D2DA9C5847}.Debug|x86.ActiveCfg = Debug|Any CPU
		{F8144424-2197-479C-9BB0-89D2DA9C5847}.Debug|x86.Build.0 = Debug|Any CPU
		{F8144424-2197-479C-9BB0-89D2DA9C5847}.Release|Any CPU.ActiveCfg = Release|Any CPU
		{F8144424-2197-479C-9BB0-89D2DA9C5847}.Release|Any CPU.Build.0 = Release|Any CPU
		{F8144424-2197-479C-9BB0-89D2DA9C5847}.Release|x86.ActiveCfg = Release|Any CPU
		{F8144424-2197-479C-9BB0-89D2DA9C5847}.Release|x86.Build.0 = Release|Any CPU
	EndGlobalSection
	GlobalSection(SolutionProperties) = preSolution
		HideSolutionNode = FALSE
	EndGlobalSection
EndGlobal
