
Microsoft Visual Studio Solution File, Format Version 12.00
# Visual Studio 14
VisualStudioVersion = 14.0.25420.1
MinimumVisualStudioVersion = 10.0.40219.1
Project("{F184B08F-C81C-45F6-A57F-5ABD9991F28F}") = "tBynaryInsert2015", "tBynaryInsert2015.vbproj", "{24B5CF0B-04BB-4BE7-8110-06007E9AB1CF}"
EndProject
Project("{F184B08F-C81C-45F6-A57F-5ABD9991F28F}") = "tClassLibrary2015", "..\..\Library\tClassLibrary\tClassLibrary2015.vbproj", "{F8144424-2197-479C-9BB0-89D2DA9C5847}"
EndProject
Global
	GlobalSection(SolutionConfigurationPlatforms) = preSolution
		Debug|Any CPU = Debug|Any CPU
		Debug|x86 = Debug|x86
		Release|Any CPU = Release|Any CPU
		Release|x86 = Release|x86
	EndGlobalSection
	GlobalSection(ProjectConfigurationPlatforms) = postSolution
		{24B5CF0B-04BB-4BE7-8110-06007E9AB1CF}.Debug|Any CPU.ActiveCfg = Debug|Any CPU
		{24B5CF0B-04BB-4BE7-8110-06007E9AB1CF}.Debug|Any CPU.Build.0 = Debug|Any CPU
		{24B5CF0B-04BB-4BE7-8110-06007E9AB1CF}.Debug|x86.ActiveCfg = Debug|x86
		{24B5CF0B-04BB-4BE7-8110-06007E9AB1CF}.Debug|x86.Build.0 = Debug|x86
		{24B5CF0B-04BB-4BE7-8110-06007E9AB1CF}.Release|Any CPU.ActiveCfg = Release|Any CPU
		{24B5CF0B-04BB-4BE7-8110-06007E9AB1CF}.Release|Any CPU.Build.0 = Release|Any CPU
		{24B5CF0B-04BB-4BE7-8110-06007E9AB1CF}.Release|x86.ActiveCfg = Release|x86
		{24B5CF0B-04BB-4BE7-8110-06007E9AB1CF}.Release|x86.Build.0 = Release|x86
		{F8144424-2197-479C-9BB0-89D2DA9C5847}.Debug|Any CPU.ActiveCfg = Debug|Any CPU
		{F8144424-2197-479C-9BB0-89D2DA9C5847}.Debug|Any CPU.Build.0 = Debug|Any CPU
		{F8144424-2197-479C-9BB0-89D2DA9C5847}.Debug|x86.ActiveCfg = Debug|x86
		{F8144424-2197-479C-9BB0-89D2DA9C5847}.Debug|x86.Build.0 = Debug|x86
		{F8144424-2197-479C-9BB0-89D2DA9C5847}.Release|Any CPU.ActiveCfg = Release|Any CPU
		{F8144424-2197-479C-9BB0-89D2DA9C5847}.Release|Any CPU.Build.0 = Release|Any CPU
		{F8144424-2197-479C-9BB0-89D2DA9C5847}.Release|x86.ActiveCfg = Release|x86
		{F8144424-2197-479C-9BB0-89D2DA9C5847}.Release|x86.Build.0 = Release|x86
	EndGlobalSection
	GlobalSection(SolutionProperties) = preSolution
		HideSolutionNode = FALSE
	EndGlobalSection
EndGlobal
