
Microsoft Visual Studio Solution File, Format Version 9.00
# Visual Studio 2005
Project("{8BC9CEB8-8B4A-11D0-8D11-00A0C91BC942}") = "KS_EQALDB", "..\KS_EQALDB\KS_EQALDB.vcproj", "{CEC93BAB-B3ED-4837-99F3-34203AC88EB2}"
	ProjectSection(ProjectDependencies) = postProject
		{F1AC4980-774C-4FAF-AD15-FF810E9E492E} = {F1AC4980-774C-4FAF-AD15-FF810E9E492E}
		{BAC927A2-921F-4D38-89A3-DA4DDDACF8CD} = {BAC927A2-921F-4D38-89A3-DA4DDDACF8CD}
		{3916A2AB-5105-411A-A9BD-CA740CE84A07} = {3916A2AB-5105-411A-A9BD-CA740CE84A07}
	EndProjectSection
EndProject
Project("{8BC9CEB8-8B4A-11D0-8D11-00A0C91BC942}") = "KS_EVTLOG", "..\KS_EVTLOG\KS_EVTLOG.vcproj", "{CBA23046-CDA2-45C6-B89A-58D27AE47A0A}"
	ProjectSection(ProjectDependencies) = postProject
		{F1AC4980-774C-4FAF-AD15-FF810E9E492E} = {F1AC4980-774C-4FAF-AD15-FF810E9E492E}
		{BAC927A2-921F-4D38-89A3-DA4DDDACF8CD} = {BAC927A2-921F-4D38-89A3-DA4DDDACF8CD}
		{3916A2AB-5105-411A-A9BD-CA740CE84A07} = {3916A2AB-5105-411A-A9BD-CA740CE84A07}
	EndProjectSection
EndProject
Project("{8BC9CEB8-8B4A-11D0-8D11-00A0C91BC942}") = "KS_MASTER", "..\KS_MASTER\KS_MASTER.vcproj", "{6DAED6E4-404C-41CF-ADF6-AD5E6C6A11A3}"
	ProjectSection(ProjectDependencies) = postProject
		{F1AC4980-774C-4FAF-AD15-FF810E9E492E} = {F1AC4980-774C-4FAF-AD15-FF810E9E492E}
		{BAC927A2-921F-4D38-89A3-DA4DDDACF8CD} = {BAC927A2-921F-4D38-89A3-DA4DDDACF8CD}
		{3916A2AB-5105-411A-A9BD-CA740CE84A07} = {3916A2AB-5105-411A-A9BD-CA740CE84A07}
	EndProjectSection
EndProject
Project("{8BC9CEB8-8B4A-11D0-8D11-00A0C91BC942}") = "KS_SLAVE", "..\KS_SLAVE\KS_SLAVE.vcproj", "{8EA2AFC5-B4FE-4E43-9FED-328F03E1CCE1}"
	ProjectSection(ProjectDependencies) = postProject
		{F1AC4980-774C-4FAF-AD15-FF810E9E492E} = {F1AC4980-774C-4FAF-AD15-FF810E9E492E}
		{BAC927A2-921F-4D38-89A3-DA4DDDACF8CD} = {BAC927A2-921F-4D38-89A3-DA4DDDACF8CD}
		{3916A2AB-5105-411A-A9BD-CA740CE84A07} = {3916A2AB-5105-411A-A9BD-CA740CE84A07}
	EndProjectSection
EndProject
Project("{8BC9CEB8-8B4A-11D0-8D11-00A0C91BC942}") = "KS_START", "..\KS_START\KS_START.vcproj", "{25C5217B-7C62-41D1-A784-BE8151280A91}"
	ProjectSection(ProjectDependencies) = postProject
		{6412CB7D-BDE1-4944-8C4E-A9C7AF053141} = {6412CB7D-BDE1-4944-8C4E-A9C7AF053141}
		{FD98B562-8945-42AA-9F80-A672D6893A23} = {FD98B562-8945-42AA-9F80-A672D6893A23}
		{F1AC4980-774C-4FAF-AD15-FF810E9E492E} = {F1AC4980-774C-4FAF-AD15-FF810E9E492E}
		{BAC927A2-921F-4D38-89A3-DA4DDDACF8CD} = {BAC927A2-921F-4D38-89A3-DA4DDDACF8CD}
		{3916A2AB-5105-411A-A9BD-CA740CE84A07} = {3916A2AB-5105-411A-A9BD-CA740CE84A07}
	EndProjectSection
EndProject
Project("{8BC9CEB8-8B4A-11D0-8D11-00A0C91BC942}") = "KS_SYSLOG", "..\KS_SYSLOG\KS_SYSLOG.vcproj", "{FC622C44-DB7F-4BFE-BC9B-F596A101962A}"
	ProjectSection(ProjectDependencies) = postProject
		{BAC927A2-921F-4D38-89A3-DA4DDDACF8CD} = {BAC927A2-921F-4D38-89A3-DA4DDDACF8CD}
		{3916A2AB-5105-411A-A9BD-CA740CE84A07} = {3916A2AB-5105-411A-A9BD-CA740CE84A07}
		{F1AC4980-774C-4FAF-AD15-FF810E9E492E} = {F1AC4980-774C-4FAF-AD15-FF810E9E492E}
		{49A7E523-23D9-4EB8-9E67-522874A270EA} = {49A7E523-23D9-4EB8-9E67-522874A270EA}
	EndProjectSection
EndProject
Project("{8BC9CEB8-8B4A-11D0-8D11-00A0C91BC942}") = "KS_UPSMGR", "..\KS_UPSMGR\KS_UPSMGR.vcproj", "{59272306-6617-49DE-8AF8-76333F76502E}"
	ProjectSection(ProjectDependencies) = postProject
		{F1AC4980-774C-4FAF-AD15-FF810E9E492E} = {F1AC4980-774C-4FAF-AD15-FF810E9E492E}
		{BAC927A2-921F-4D38-89A3-DA4DDDACF8CD} = {BAC927A2-921F-4D38-89A3-DA4DDDACF8CD}
	EndProjectSection
EndProject
Project("{8BC9CEB8-8B4A-11D0-8D11-00A0C91BC942}") = "KizuLib", "..\..\Library\KizuLib\KizuLib.vcproj", "{F1AC4980-774C-4FAF-AD15-FF810E9E492E}"
EndProject
Project("{8BC9CEB8-8B4A-11D0-8D11-00A0C91BC942}") = "KizuLibMFC", "..\..\Library\KizuLibMFC\KizuLibMFC.vcproj", "{3916A2AB-5105-411A-A9BD-CA740CE84A07}"
EndProject
Project("{8BC9CEB8-8B4A-11D0-8D11-00A0C91BC942}") = "KizuODBC", "..\..\Library\KizuODBC\KizuODBC.vcproj", "{BAC927A2-921F-4D38-89A3-DA4DDDACF8CD}"
EndProject
Project("{8BC9CEB8-8B4A-11D0-8D11-00A0C91BC942}") = "DefectLib", "..\..\Library\DefectLib\DefectLib.vcproj", "{49A7E523-23D9-4EB8-9E67-522874A270EA}"
EndProject
Project("{8BC9CEB8-8B4A-11D0-8D11-00A0C91BC942}") = "KS_HDDCHK", "..\KS_HDDCHK\KS_HDDCHK.vcproj", "{32E625DC-F58B-4CD5-8D89-F523EA2F50AE}"
	ProjectSection(ProjectDependencies) = postProject
		{3916A2AB-5105-411A-A9BD-CA740CE84A07} = {3916A2AB-5105-411A-A9BD-CA740CE84A07}
		{BAC927A2-921F-4D38-89A3-DA4DDDACF8CD} = {BAC927A2-921F-4D38-89A3-DA4DDDACF8CD}
		{F1AC4980-774C-4FAF-AD15-FF810E9E492E} = {F1AC4980-774C-4FAF-AD15-FF810E9E492E}
	EndProjectSection
EndProject
Project("{8BC9CEB8-8B4A-11D0-8D11-00A0C91BC942}") = "Kizu232C", "..\..\Library\Kizu232C\Kizu232C.vcproj", "{8B08E7E7-A39B-463B-9D60-068B8434A50D}"
EndProject
Project("{8BC9CEB8-8B4A-11D0-8D11-00A0C91BC942}") = "KS_START_ODBC", "..\KS_START\KS_START_ODBC\KS_START_ODBC.vcproj", "{FD98B562-8945-42AA-9F80-A672D6893A23}"
EndProject
Project("{8BC9CEB8-8B4A-11D0-8D11-00A0C91BC942}") = "KS_START_ODBCx64", "..\KS_START\KS_START_ODBC\KS_START_ODBCx64.vcproj", "{6412CB7D-BDE1-4944-8C4E-A9C7AF053141}"
	ProjectSection(ProjectDependencies) = postProject
		{FD98B562-8945-42AA-9F80-A672D6893A23} = {FD98B562-8945-42AA-9F80-A672D6893A23}
	EndProjectSection
EndProject
Project("{8BC9CEB8-8B4A-11D0-8D11-00A0C91BC942}") = "KS_HISTRY", "..\KS_HISTRY\KS_HISTRY.vcproj", "{2C521776-3A13-4F76-8EE2-D4959187EDE8}"
	ProjectSection(ProjectDependencies) = postProject
		{3916A2AB-5105-411A-A9BD-CA740CE84A07} = {3916A2AB-5105-411A-A9BD-CA740CE84A07}
		{BAC927A2-921F-4D38-89A3-DA4DDDACF8CD} = {BAC927A2-921F-4D38-89A3-DA4DDDACF8CD}
		{F1AC4980-774C-4FAF-AD15-FF810E9E492E} = {F1AC4980-774C-4FAF-AD15-FF810E9E492E}
	EndProjectSection
EndProject
Project("{8BC9CEB8-8B4A-11D0-8D11-00A0C91BC942}") = "KS_APCHECK", "..\KS_APCHECK\KS_APCHECK.vcproj", "{D84C0885-C07A-48AF-BA4C-DF33C0D45D19}"
	ProjectSection(ProjectDependencies) = postProject
		{F1AC4980-774C-4FAF-AD15-FF810E9E492E} = {F1AC4980-774C-4FAF-AD15-FF810E9E492E}
		{BAC927A2-921F-4D38-89A3-DA4DDDACF8CD} = {BAC927A2-921F-4D38-89A3-DA4DDDACF8CD}
		{3916A2AB-5105-411A-A9BD-CA740CE84A07} = {3916A2AB-5105-411A-A9BD-CA740CE84A07}
	EndProjectSection
EndProject
Global
	GlobalSection(SolutionConfigurationPlatforms) = preSolution
		Debug|Win32 = Debug|Win32
		Debug|x64 = Debug|x64
		Release|Win32 = Release|Win32
		Release|x64 = Release|x64
	EndGlobalSection
	GlobalSection(ProjectConfigurationPlatforms) = postSolution
		{CEC93BAB-B3ED-4837-99F3-34203AC88EB2}.Debug|Win32.ActiveCfg = Debug|Win32
		{CEC93BAB-B3ED-4837-99F3-34203AC88EB2}.Debug|Win32.Build.0 = Debug|Win32
		{CEC93BAB-B3ED-4837-99F3-34203AC88EB2}.Debug|x64.ActiveCfg = Debug|x64
		{CEC93BAB-B3ED-4837-99F3-34203AC88EB2}.Release|Win32.ActiveCfg = Release|Win32
		{CEC93BAB-B3ED-4837-99F3-34203AC88EB2}.Release|Win32.Build.0 = Release|Win32
		{CEC93BAB-B3ED-4837-99F3-34203AC88EB2}.Release|x64.ActiveCfg = Release|x64
		{CBA23046-CDA2-45C6-B89A-58D27AE47A0A}.Debug|Win32.ActiveCfg = Debug|Win32
		{CBA23046-CDA2-45C6-B89A-58D27AE47A0A}.Debug|Win32.Build.0 = Debug|Win32
		{CBA23046-CDA2-45C6-B89A-58D27AE47A0A}.Debug|x64.ActiveCfg = Debug|x64
		{CBA23046-CDA2-45C6-B89A-58D27AE47A0A}.Release|Win32.ActiveCfg = Release|Win32
		{CBA23046-CDA2-45C6-B89A-58D27AE47A0A}.Release|Win32.Build.0 = Release|Win32
		{CBA23046-CDA2-45C6-B89A-58D27AE47A0A}.Release|x64.ActiveCfg = Release|x64
		{6DAED6E4-404C-41CF-ADF6-AD5E6C6A11A3}.Debug|Win32.ActiveCfg = Debug|Win32
		{6DAED6E4-404C-41CF-ADF6-AD5E6C6A11A3}.Debug|Win32.Build.0 = Debug|Win32
		{6DAED6E4-404C-41CF-ADF6-AD5E6C6A11A3}.Debug|x64.ActiveCfg = Debug|x64
		{6DAED6E4-404C-41CF-ADF6-AD5E6C6A11A3}.Release|Win32.ActiveCfg = Release|Win32
		{6DAED6E4-404C-41CF-ADF6-AD5E6C6A11A3}.Release|Win32.Build.0 = Release|Win32
		{6DAED6E4-404C-41CF-ADF6-AD5E6C6A11A3}.Release|x64.ActiveCfg = Release|x64
		{8EA2AFC5-B4FE-4E43-9FED-328F03E1CCE1}.Debug|Win32.ActiveCfg = Debug|Win32
		{8EA2AFC5-B4FE-4E43-9FED-328F03E1CCE1}.Debug|Win32.Build.0 = Debug|Win32
		{8EA2AFC5-B4FE-4E43-9FED-328F03E1CCE1}.Debug|x64.ActiveCfg = Debug|x64
		{8EA2AFC5-B4FE-4E43-9FED-328F03E1CCE1}.Release|Win32.ActiveCfg = Release|Win32
		{8EA2AFC5-B4FE-4E43-9FED-328F03E1CCE1}.Release|Win32.Build.0 = Release|Win32
		{8EA2AFC5-B4FE-4E43-9FED-328F03E1CCE1}.Release|x64.ActiveCfg = Release|x64
		{25C5217B-7C62-41D1-A784-BE8151280A91}.Debug|Win32.ActiveCfg = Debug|Win32
		{25C5217B-7C62-41D1-A784-BE8151280A91}.Debug|Win32.Build.0 = Debug|Win32
		{25C5217B-7C62-41D1-A784-BE8151280A91}.Debug|x64.ActiveCfg = Debug|x64
		{25C5217B-7C62-41D1-A784-BE8151280A91}.Release|Win32.ActiveCfg = Release|Win32
		{25C5217B-7C62-41D1-A784-BE8151280A91}.Release|Win32.Build.0 = Release|Win32
		{25C5217B-7C62-41D1-A784-BE8151280A91}.Release|x64.ActiveCfg = Release|x64
		{FC622C44-DB7F-4BFE-BC9B-F596A101962A}.Debug|Win32.ActiveCfg = Debug|Win32
		{FC622C44-DB7F-4BFE-BC9B-F596A101962A}.Debug|Win32.Build.0 = Debug|Win32
		{FC622C44-DB7F-4BFE-BC9B-F596A101962A}.Debug|x64.ActiveCfg = Debug|x64
		{FC622C44-DB7F-4BFE-BC9B-F596A101962A}.Release|Win32.ActiveCfg = Release|Win32
		{FC622C44-DB7F-4BFE-BC9B-F596A101962A}.Release|Win32.Build.0 = Release|Win32
		{FC622C44-DB7F-4BFE-BC9B-F596A101962A}.Release|x64.ActiveCfg = Release|x64
		{59272306-6617-49DE-8AF8-76333F76502E}.Debug|Win32.ActiveCfg = Debug|Win32
		{59272306-6617-49DE-8AF8-76333F76502E}.Debug|Win32.Build.0 = Debug|Win32
		{59272306-6617-49DE-8AF8-76333F76502E}.Debug|x64.ActiveCfg = Debug|x64
		{59272306-6617-49DE-8AF8-76333F76502E}.Release|Win32.ActiveCfg = Release|Win32
		{59272306-6617-49DE-8AF8-76333F76502E}.Release|Win32.Build.0 = Release|Win32
		{59272306-6617-49DE-8AF8-76333F76502E}.Release|x64.ActiveCfg = Release|x64
		{F1AC4980-774C-4FAF-AD15-FF810E9E492E}.Debug|Win32.ActiveCfg = Debug|Win32
		{F1AC4980-774C-4FAF-AD15-FF810E9E492E}.Debug|Win32.Build.0 = Debug|Win32
		{F1AC4980-774C-4FAF-AD15-FF810E9E492E}.Debug|x64.ActiveCfg = Debug|x64
		{F1AC4980-774C-4FAF-AD15-FF810E9E492E}.Debug|x64.Build.0 = Debug|x64
		{F1AC4980-774C-4FAF-AD15-FF810E9E492E}.Release|Win32.ActiveCfg = Release|Win32
		{F1AC4980-774C-4FAF-AD15-FF810E9E492E}.Release|Win32.Build.0 = Release|Win32
		{F1AC4980-774C-4FAF-AD15-FF810E9E492E}.Release|x64.ActiveCfg = Release|x64
		{F1AC4980-774C-4FAF-AD15-FF810E9E492E}.Release|x64.Build.0 = Release|x64
		{3916A2AB-5105-411A-A9BD-CA740CE84A07}.Debug|Win32.ActiveCfg = Debug|Win32
		{3916A2AB-5105-411A-A9BD-CA740CE84A07}.Debug|Win32.Build.0 = Debug|Win32
		{3916A2AB-5105-411A-A9BD-CA740CE84A07}.Debug|x64.ActiveCfg = Debug|x64
		{3916A2AB-5105-411A-A9BD-CA740CE84A07}.Debug|x64.Build.0 = Debug|x64
		{3916A2AB-5105-411A-A9BD-CA740CE84A07}.Release|Win32.ActiveCfg = Release|Win32
		{3916A2AB-5105-411A-A9BD-CA740CE84A07}.Release|Win32.Build.0 = Release|Win32
		{3916A2AB-5105-411A-A9BD-CA740CE84A07}.Release|x64.ActiveCfg = Release|x64
		{3916A2AB-5105-411A-A9BD-CA740CE84A07}.Release|x64.Build.0 = Release|x64
		{BAC927A2-921F-4D38-89A3-DA4DDDACF8CD}.Debug|Win32.ActiveCfg = Debug|Win32
		{BAC927A2-921F-4D38-89A3-DA4DDDACF8CD}.Debug|Win32.Build.0 = Debug|Win32
		{BAC927A2-921F-4D38-89A3-DA4DDDACF8CD}.Debug|x64.ActiveCfg = Debug|x64
		{BAC927A2-921F-4D38-89A3-DA4DDDACF8CD}.Debug|x64.Build.0 = Debug|x64
		{BAC927A2-921F-4D38-89A3-DA4DDDACF8CD}.Release|Win32.ActiveCfg = Release|Win32
		{BAC927A2-921F-4D38-89A3-DA4DDDACF8CD}.Release|Win32.Build.0 = Release|Win32
		{BAC927A2-921F-4D38-89A3-DA4DDDACF8CD}.Release|x64.ActiveCfg = Release|x64
		{BAC927A2-921F-4D38-89A3-DA4DDDACF8CD}.Release|x64.Build.0 = Release|x64
		{49A7E523-23D9-4EB8-9E67-522874A270EA}.Debug|Win32.ActiveCfg = Debug|Win32
		{49A7E523-23D9-4EB8-9E67-522874A270EA}.Debug|Win32.Build.0 = Debug|Win32
		{49A7E523-23D9-4EB8-9E67-522874A270EA}.Debug|x64.ActiveCfg = Debug|x64
		{49A7E523-23D9-4EB8-9E67-522874A270EA}.Debug|x64.Build.0 = Debug|x64
		{49A7E523-23D9-4EB8-9E67-522874A270EA}.Release|Win32.ActiveCfg = Release|Win32
		{49A7E523-23D9-4EB8-9E67-522874A270EA}.Release|Win32.Build.0 = Release|Win32
		{49A7E523-23D9-4EB8-9E67-522874A270EA}.Release|x64.ActiveCfg = Release|x64
		{49A7E523-23D9-4EB8-9E67-522874A270EA}.Release|x64.Build.0 = Release|x64
		{32E625DC-F58B-4CD5-8D89-F523EA2F50AE}.Debug|Win32.ActiveCfg = Debug|Win32
		{32E625DC-F58B-4CD5-8D89-F523EA2F50AE}.Debug|Win32.Build.0 = Debug|Win32
		{32E625DC-F58B-4CD5-8D89-F523EA2F50AE}.Debug|x64.ActiveCfg = Debug|x64
		{32E625DC-F58B-4CD5-8D89-F523EA2F50AE}.Debug|x64.Build.0 = Debug|x64
		{32E625DC-F58B-4CD5-8D89-F523EA2F50AE}.Release|Win32.ActiveCfg = Release|Win32
		{32E625DC-F58B-4CD5-8D89-F523EA2F50AE}.Release|Win32.Build.0 = Release|Win32
		{32E625DC-F58B-4CD5-8D89-F523EA2F50AE}.Release|x64.ActiveCfg = Release|x64
		{32E625DC-F58B-4CD5-8D89-F523EA2F50AE}.Release|x64.Build.0 = Release|x64
		{8B08E7E7-A39B-463B-9D60-068B8434A50D}.Debug|Win32.ActiveCfg = Debug|Win32
		{8B08E7E7-A39B-463B-9D60-068B8434A50D}.Debug|Win32.Build.0 = Debug|Win32
		{8B08E7E7-A39B-463B-9D60-068B8434A50D}.Debug|x64.ActiveCfg = Debug|x64
		{8B08E7E7-A39B-463B-9D60-068B8434A50D}.Debug|x64.Build.0 = Debug|x64
		{8B08E7E7-A39B-463B-9D60-068B8434A50D}.Release|Win32.ActiveCfg = Release|Win32
		{8B08E7E7-A39B-463B-9D60-068B8434A50D}.Release|Win32.Build.0 = Release|Win32
		{8B08E7E7-A39B-463B-9D60-068B8434A50D}.Release|x64.ActiveCfg = Release|x64
		{8B08E7E7-A39B-463B-9D60-068B8434A50D}.Release|x64.Build.0 = Release|x64
		{FD98B562-8945-42AA-9F80-A672D6893A23}.Debug|Win32.ActiveCfg = Debug|Win32
		{FD98B562-8945-42AA-9F80-A672D6893A23}.Debug|Win32.Build.0 = Debug|Win32
		{FD98B562-8945-42AA-9F80-A672D6893A23}.Debug|x64.ActiveCfg = Debug_x64で32bit用を作る|Win32
		{FD98B562-8945-42AA-9F80-A672D6893A23}.Release|Win32.ActiveCfg = Release|Win32
		{FD98B562-8945-42AA-9F80-A672D6893A23}.Release|Win32.Build.0 = Release|Win32
		{FD98B562-8945-42AA-9F80-A672D6893A23}.Release|x64.ActiveCfg = Release_x64で32bit用を作る|Win32
		{6412CB7D-BDE1-4944-8C4E-A9C7AF053141}.Debug|Win32.ActiveCfg = Debug_x86で64bit用を作る|x64
		{6412CB7D-BDE1-4944-8C4E-A9C7AF053141}.Debug|Win32.Build.0 = Debug_x86で64bit用を作る|x64
		{6412CB7D-BDE1-4944-8C4E-A9C7AF053141}.Debug|x64.ActiveCfg = Debug|x64
		{6412CB7D-BDE1-4944-8C4E-A9C7AF053141}.Release|Win32.ActiveCfg = Release_x86で64bit用を作る|x64
		{6412CB7D-BDE1-4944-8C4E-A9C7AF053141}.Release|Win32.Build.0 = Release_x86で64bit用を作る|x64
		{6412CB7D-BDE1-4944-8C4E-A9C7AF053141}.Release|x64.ActiveCfg = Release|x64
		{2C521776-3A13-4F76-8EE2-D4959187EDE8}.Debug|Win32.ActiveCfg = Debug|Win32
		{2C521776-3A13-4F76-8EE2-D4959187EDE8}.Debug|Win32.Build.0 = Debug|Win32
		{2C521776-3A13-4F76-8EE2-D4959187EDE8}.Debug|x64.ActiveCfg = Debug|x64
		{2C521776-3A13-4F76-8EE2-D4959187EDE8}.Release|Win32.ActiveCfg = Release|Win32
		{2C521776-3A13-4F76-8EE2-D4959187EDE8}.Release|Win32.Build.0 = Release|Win32
		{2C521776-3A13-4F76-8EE2-D4959187EDE8}.Release|x64.ActiveCfg = Release|x64
		{D84C0885-C07A-48AF-BA4C-DF33C0D45D19}.Debug|Win32.ActiveCfg = Debug|Win32
		{D84C0885-C07A-48AF-BA4C-DF33C0D45D19}.Debug|Win32.Build.0 = Debug|Win32
		{D84C0885-C07A-48AF-BA4C-DF33C0D45D19}.Debug|x64.ActiveCfg = Debug|x64
		{D84C0885-C07A-48AF-BA4C-DF33C0D45D19}.Release|Win32.ActiveCfg = Release|Win32
		{D84C0885-C07A-48AF-BA4C-DF33C0D45D19}.Release|Win32.Build.0 = Release|Win32
		{D84C0885-C07A-48AF-BA4C-DF33C0D45D19}.Release|x64.ActiveCfg = Release|x64
	EndGlobalSection
	GlobalSection(SolutionProperties) = preSolution
		HideSolutionNode = FALSE
	EndGlobalSection
EndGlobal
