<?xml version="1.0" encoding="utf-8"?>
<Project ToolsVersion="4.0" xmlns="http://schemas.microsoft.com/developer/msbuild/2003">
  <ItemGroup>
    <Filter Include="ソース ファイル">
      <UniqueIdentifier>{4FC737F1-C7A5-4376-A066-2A32D752A2FF}</UniqueIdentifier>
      <Extensions>cpp;c;cc;cxx;def;odl;idl;hpj;bat;asm;asmx</Extensions>
    </Filter>
    <Filter Include="ソース ファイル\WorkThread">
      <UniqueIdentifier>{c6c535be-9ad7-4afb-9faa-bad94b41907f}</UniqueIdentifier>
    </Filter>
    <Filter Include="ヘッダー ファイル">
      <UniqueIdentifier>{93995380-89BD-4b04-88EB-625FBE52EBFB}</UniqueIdentifier>
      <Extensions>h;hpp;hxx;hm;inl;inc;xsd</Extensions>
    </Filter>
    <Filter Include="ヘッダー ファイル\WorkThread">
      <UniqueIdentifier>{2175dd3d-79e4-4e4b-83ca-fdc608014625}</UniqueIdentifier>
    </Filter>
    <Filter Include="リソース ファイル">
      <UniqueIdentifier>{67DA6AB6-F800-4c08-8B7A-83BB121AAD01}</UniqueIdentifier>
      <Extensions>rc;ico;cur;bmp;dlg;rc2;rct;bin;rgs;gif;jpg;jpeg;jpe;resx;tiff;tif;png;wav</Extensions>
    </Filter>
    <Filter Include="ソース ファイル\Function">
      <UniqueIdentifier>{7e05a5ba-a704-494d-904d-eae77653b357}</UniqueIdentifier>
    </Filter>
    <Filter Include="ヘッダー ファイル\Function">
      <UniqueIdentifier>{b023b19b-a6cf-406a-9533-a55460329033}</UniqueIdentifier>
    </Filter>
  </ItemGroup>
  <ItemGroup>
    <ClCompile Include="KS_SLAVE.cpp">
      <Filter>ソース ファイル</Filter>
    </ClCompile>
    <ClCompile Include="KS_SLAVEDlg.cpp">
      <Filter>ソース ファイル</Filter>
    </ClCompile>
    <ClCompile Include="MainInctance.cpp">
      <Filter>ソース ファイル</Filter>
    </ClCompile>
    <ClCompile Include="stdafx.cpp">
      <Filter>ソース ファイル</Filter>
    </ClCompile>
    <ClCompile Include="..\KS_MASTER\CheckDB.cpp">
      <Filter>ソース ファイル\WorkThread</Filter>
    </ClCompile>
    <ClCompile Include="..\KS_MASTER\CheckStatus.cpp">
      <Filter>ソース ファイル\WorkThread</Filter>
    </ClCompile>
    <ClCompile Include="AllUserLogOff.cpp">
      <Filter>ソース ファイル\Function</Filter>
    </ClCompile>
  </ItemGroup>
  <ItemGroup>
    <ClInclude Include="KS_SLAVE.h">
      <Filter>ヘッダー ファイル</Filter>
    </ClInclude>
    <ClInclude Include="KS_SLAVEDlg.h">
      <Filter>ヘッダー ファイル</Filter>
    </ClInclude>
    <ClInclude Include="MainConst.h">
      <Filter>ヘッダー ファイル</Filter>
    </ClInclude>
    <ClInclude Include="MainInctance.h">
      <Filter>ヘッダー ファイル</Filter>
    </ClInclude>
    <ClInclude Include="Resource.h">
      <Filter>ヘッダー ファイル</Filter>
    </ClInclude>
    <ClInclude Include="stdafx.h">
      <Filter>ヘッダー ファイル</Filter>
    </ClInclude>
    <ClInclude Include="..\KS_MASTER\CheckDB.h">
      <Filter>ヘッダー ファイル\WorkThread</Filter>
    </ClInclude>
    <ClInclude Include="..\KS_MASTER\CheckStatus.h">
      <Filter>ヘッダー ファイル\WorkThread</Filter>
    </ClInclude>
    <ClInclude Include="AllUserLogOff.h">
      <Filter>ヘッダー ファイル\Function</Filter>
    </ClInclude>
  </ItemGroup>
  <ItemGroup>
    <None Include="res\KS_SLAVE.ico">
      <Filter>リソース ファイル</Filter>
    </None>
    <None Include="res\KS_SLAVE.rc2">
      <Filter>リソース ファイル</Filter>
    </None>
    <None Include="ReadMe.txt" />
    <None Include="タスクIni設定サンプル.txt" />
  </ItemGroup>
  <ItemGroup>
    <ResourceCompile Include="KS_SLAVE.rc">
      <Filter>リソース ファイル</Filter>
    </ResourceCompile>
  </ItemGroup>
</Project>