<?xml version="1.0" encoding="utf-8"?>
<Project ToolsVersion="4.0" xmlns="http://schemas.microsoft.com/developer/msbuild/2003">
  <ItemGroup>
    <Filter Include="ソース ファイル">
      <UniqueIdentifier>{4FC737F1-C7A5-4376-A066-2A32D752A2FF}</UniqueIdentifier>
      <Extensions>cpp;c;cc;cxx;def;odl;idl;hpj;bat;asm;asmx</Extensions>
    </Filter>
    <Filter Include="ソース ファイル\Auto">
      <UniqueIdentifier>{33e8559d-fb72-47f1-8dab-8ea22aeff3bb}</UniqueIdentifier>
    </Filter>
    <Filter Include="ソース ファイル\WorkThread">
      <UniqueIdentifier>{37bad826-a861-476d-b7a1-7c34a58887d5}</UniqueIdentifier>
    </Filter>
    <Filter Include="ヘッダー ファイル">
      <UniqueIdentifier>{93995380-89BD-4b04-88EB-625FBE52EBFB}</UniqueIdentifier>
      <Extensions>h;hpp;hxx;hm;inl;inc;xsd</Extensions>
    </Filter>
    <Filter Include="ヘッダー ファイル\Auto">
      <UniqueIdentifier>{ecd121c3-f8cc-4ad6-8d33-cf923d2da16f}</UniqueIdentifier>
    </Filter>
    <Filter Include="ヘッダー ファイル\WorkThread">
      <UniqueIdentifier>{12ad44a4-0bc4-428c-81ee-cac6449d2b3a}</UniqueIdentifier>
    </Filter>
    <Filter Include="ヘッダー ファイル\共通">
      <UniqueIdentifier>{cc4e7701-248f-4f50-bd90-a9ec95b810be}</UniqueIdentifier>
    </Filter>
    <Filter Include="リソース ファイル">
      <UniqueIdentifier>{67DA6AB6-F800-4c08-8B7A-83BB121AAD01}</UniqueIdentifier>
      <Extensions>rc;ico;cur;bmp;dlg;rc2;rct;bin;rgs;gif;jpg;jpeg;jpe;resx;tiff;tif;png;wav</Extensions>
    </Filter>
  </ItemGroup>
  <ItemGroup>
    <ClCompile Include="MainInctance.cpp">
      <Filter>ソース ファイル</Filter>
    </ClCompile>
    <ClCompile Include="KS_CHILER.cpp">
      <Filter>ソース ファイル\Auto</Filter>
    </ClCompile>
    <ClCompile Include="KS_CHILERDlg.cpp">
      <Filter>ソース ファイル\Auto</Filter>
    </ClCompile>
    <ClCompile Include="stdafx.cpp">
      <Filter>ソース ファイル\Auto</Filter>
    </ClCompile>
    <ClCompile Include="ChillerManager.cpp">
      <Filter>ソース ファイル\WorkThread</Filter>
    </ClCompile>
  </ItemGroup>
  <ItemGroup>
    <ClInclude Include="MainConst.h">
      <Filter>ヘッダー ファイル</Filter>
    </ClInclude>
    <ClInclude Include="MainInctance.h">
      <Filter>ヘッダー ファイル</Filter>
    </ClInclude>
    <ClInclude Include="KS_CHILER.h">
      <Filter>ヘッダー ファイル\Auto</Filter>
    </ClInclude>
    <ClInclude Include="KS_CHILERDlg.h">
      <Filter>ヘッダー ファイル\Auto</Filter>
    </ClInclude>
    <ClInclude Include="Resource.h">
      <Filter>ヘッダー ファイル\Auto</Filter>
    </ClInclude>
    <ClInclude Include="stdafx.h">
      <Filter>ヘッダー ファイル\Auto</Filter>
    </ClInclude>
    <ClInclude Include="ChillerManager.h">
      <Filter>ヘッダー ファイル\WorkThread</Filter>
    </ClInclude>
    <ClInclude Include="..\..\Include\KizuCommon.h">
      <Filter>ヘッダー ファイル\共通</Filter>
    </ClInclude>
  </ItemGroup>
  <ItemGroup>
    <None Include="res\KS_CHILER.ico">
      <Filter>リソース ファイル</Filter>
    </None>
    <None Include="res\KS_CHILER.rc2">
      <Filter>リソース ファイル</Filter>
    </None>
    <None Include="ReadMe.txt" />
    <None Include="タスクIni設定サンプル.txt" />
  </ItemGroup>
  <ItemGroup>
    <ResourceCompile Include="KS_CHILER.rc">
      <Filter>リソース ファイル</Filter>
    </ResourceCompile>
  </ItemGroup>
</Project>