
Microsoft Visual Studio Solution File, Format Version 12.00
# Visual Studio 14
VisualStudioVersion = 14.0.25420.1
MinimumVisualStudioVersion = 10.0.40219.1
Project("{8BC9CEB8-8B4A-11D0-8D11-00A0C91BC942}") = "TO_MAEDAT", "TO_MAEDAT2015.vcxproj", "{6B5C2AF0-A545-4A08-A632-E149FFE779A8}"
EndProject
Project("{8BC9CEB8-8B4A-11D0-8D11-00A0C91BC942}") = "KizuLib", "..\..\Library\KizuLib\KizuLib2015.vcxproj", "{F1AC4980-774C-4FAF-AD15-FF810E9E492E}"
EndProject
Project("{8BC9CEB8-8B4A-11D0-8D11-00A0C91BC942}") = "KizuLibMFC", "..\..\Library\KizuLibMFC\KizuLibMFC2015.vcxproj", "{3916A2AB-5105-411A-A9BD-CA740CE84A07}"
EndProject
Project("{8BC9CEB8-8B4A-11D0-8D11-00A0C91BC942}") = "KizuODBC", "..\..\Library\KizuODBC\KizuODBC2015.vcxproj", "{BAC927A2-921F-4D38-89A3-DA4DDDACF8CD}"
EndProject
Global
	GlobalSection(SolutionConfigurationPlatforms) = preSolution
		Debug|x64 = Debug|x64
		Debug|x86 = Debug|x86
		Release|x64 = Release|x64
		Release|x86 = Release|x86
	EndGlobalSection
	GlobalSection(ProjectConfigurationPlatforms) = postSolution
		{6B5C2AF0-A545-4A08-A632-E149FFE779A8}.Debug|x64.ActiveCfg = Debug|x64
		{6B5C2AF0-A545-4A08-A632-E149FFE779A8}.Debug|x64.Build.0 = Debug|x64
		{6B5C2AF0-A545-4A08-A632-E149FFE779A8}.Debug|x86.ActiveCfg = Debug|Win32
		{6B5C2AF0-A545-4A08-A632-E149FFE779A8}.Debug|x86.Build.0 = Debug|Win32
		{6B5C2AF0-A545-4A08-A632-E149FFE779A8}.Release|x64.ActiveCfg = Release|x64
		{6B5C2AF0-A545-4A08-A632-E149FFE779A8}.Release|x64.Build.0 = Release|x64
		{6B5C2AF0-A545-4A08-A632-E149FFE779A8}.Release|x86.ActiveCfg = Release|Win32
		{6B5C2AF0-A545-4A08-A632-E149FFE779A8}.Release|x86.Build.0 = Release|Win32
		{F1AC4980-774C-4FAF-AD15-FF810E9E492E}.Debug|x64.ActiveCfg = Debug|x64
		{F1AC4980-774C-4FAF-AD15-FF810E9E492E}.Debug|x64.Build.0 = Debug|x64
		{F1AC4980-774C-4FAF-AD15-FF810E9E492E}.Debug|x86.ActiveCfg = Debug|Win32
		{F1AC4980-774C-4FAF-AD15-FF810E9E492E}.Debug|x86.Build.0 = Debug|Win32
		{F1AC4980-774C-4FAF-AD15-FF810E9E492E}.Release|x64.ActiveCfg = Release|x64
		{F1AC4980-774C-4FAF-AD15-FF810E9E492E}.Release|x64.Build.0 = Release|x64
		{F1AC4980-774C-4FAF-AD15-FF810E9E492E}.Release|x86.ActiveCfg = Release|Win32
		{F1AC4980-774C-4FAF-AD15-FF810E9E492E}.Release|x86.Build.0 = Release|Win32
		{3916A2AB-5105-411A-A9BD-CA740CE84A07}.Debug|x64.ActiveCfg = Debug|x64
		{3916A2AB-5105-411A-A9BD-CA740CE84A07}.Debug|x64.Build.0 = Debug|x64
		{3916A2AB-5105-411A-A9BD-CA740CE84A07}.Debug|x86.ActiveCfg = Debug|Win32
		{3916A2AB-5105-411A-A9BD-CA740CE84A07}.Debug|x86.Build.0 = Debug|Win32
		{3916A2AB-5105-411A-A9BD-CA740CE84A07}.Release|x64.ActiveCfg = Release|x64
		{3916A2AB-5105-411A-A9BD-CA740CE84A07}.Release|x64.Build.0 = Release|x64
		{3916A2AB-5105-411A-A9BD-CA740CE84A07}.Release|x86.ActiveCfg = Release|Win32
		{3916A2AB-5105-411A-A9BD-CA740CE84A07}.Release|x86.Build.0 = Release|Win32
		{BAC927A2-921F-4D38-89A3-DA4DDDACF8CD}.Debug|x64.ActiveCfg = Debug|x64
		{BAC927A2-921F-4D38-89A3-DA4DDDACF8CD}.Debug|x64.Build.0 = Debug|x64
		{BAC927A2-921F-4D38-89A3-DA4DDDACF8CD}.Debug|x86.ActiveCfg = Debug|Win32
		{BAC927A2-921F-4D38-89A3-DA4DDDACF8CD}.Debug|x86.Build.0 = Debug|Win32
		{BAC927A2-921F-4D38-89A3-DA4DDDACF8CD}.Release|x64.ActiveCfg = Release|x64
		{BAC927A2-921F-4D38-89A3-DA4DDDACF8CD}.Release|x64.Build.0 = Release|x64
		{BAC927A2-921F-4D38-89A3-DA4DDDACF8CD}.Release|x86.ActiveCfg = Release|Win32
		{BAC927A2-921F-4D38-89A3-DA4DDDACF8CD}.Release|x86.Build.0 = Release|Win32
	EndGlobalSection
	GlobalSection(SolutionProperties) = preSolution
		HideSolutionNode = FALSE
	EndGlobalSection
EndGlobal
