<?xml version="1.0" encoding="utf-8"?>
<Project ToolsVersion="4.0" xmlns="http://schemas.microsoft.com/developer/msbuild/2003">
  <ItemGroup>
    <Filter Include="ソース ファイル">
      <UniqueIdentifier>{4FC737F1-C7A5-4376-A066-2A32D752A2FF}</UniqueIdentifier>
      <Extensions>cpp;c;cc;cxx;def;odl;idl;hpj;bat;asm;asmx</Extensions>
    </Filter>
    <Filter Include="ソース ファイル\Auto">
      <UniqueIdentifier>{05543db8-bf27-4e3f-ac4e-643e04de1e0f}</UniqueIdentifier>
    </Filter>
    <Filter Include="ヘッダー ファイル">
      <UniqueIdentifier>{93995380-89BD-4b04-88EB-625FBE52EBFB}</UniqueIdentifier>
      <Extensions>h;hpp;hxx;hm;inl;inc;xsd</Extensions>
    </Filter>
    <Filter Include="ヘッダー ファイル\Auto">
      <UniqueIdentifier>{9fafb5da-394a-4a2b-826c-4238e773ecf8}</UniqueIdentifier>
    </Filter>
    <Filter Include="リソース ファイル">
      <UniqueIdentifier>{67DA6AB6-F800-4c08-8B7A-83BB121AAD01}</UniqueIdentifier>
      <Extensions>rc;ico;cur;bmp;dlg;rc2;rct;bin;rgs;gif;jpg;jpeg;jpe;resx;tiff;tif;png;wav</Extensions>
    </Filter>
  </ItemGroup>
  <ItemGroup>
    <ClCompile Include="MainInctance.cpp">
      <Filter>ソース ファイル</Filter>
    </ClCompile>
    <ClCompile Include="stdafx.cpp">
      <Filter>ソース ファイル\Auto</Filter>
    </ClCompile>
    <ClCompile Include="XX_CPPSMPEX.cpp">
      <Filter>ソース ファイル\Auto</Filter>
    </ClCompile>
    <ClCompile Include="XX_CPPSMPEXDlg.cpp">
      <Filter>ソース ファイル\Auto</Filter>
    </ClCompile>
  </ItemGroup>
  <ItemGroup>
    <ClInclude Include="MainConst.h">
      <Filter>ヘッダー ファイル</Filter>
    </ClInclude>
    <ClInclude Include="MainInctance.h">
      <Filter>ヘッダー ファイル</Filter>
    </ClInclude>
    <ClInclude Include="Resource.h">
      <Filter>ヘッダー ファイル\Auto</Filter>
    </ClInclude>
    <ClInclude Include="stdafx.h">
      <Filter>ヘッダー ファイル\Auto</Filter>
    </ClInclude>
    <ClInclude Include="XX_CPPSMPEX.h">
      <Filter>ヘッダー ファイル\Auto</Filter>
    </ClInclude>
    <ClInclude Include="XX_CPPSMPEXDlg.h">
      <Filter>ヘッダー ファイル\Auto</Filter>
    </ClInclude>
  </ItemGroup>
  <ItemGroup>
    <None Include="res\XX_CPPSMPEX.ico">
      <Filter>リソース ファイル</Filter>
    </None>
    <None Include="res\XX_CPPSMPEX.rc2">
      <Filter>リソース ファイル</Filter>
    </None>
    <None Include="ReadMe.txt" />
  </ItemGroup>
  <ItemGroup>
    <ResourceCompile Include="XX_CPPSMPEX.rc">
      <Filter>リソース ファイル</Filter>
    </ResourceCompile>
  </ItemGroup>
</Project>