
Microsoft Visual Studio Solution File, Format Version 12.00
# Visual Studio 14
VisualStudioVersion = 14.0.25420.1
MinimumVisualStudioVersion = 10.0.40219.1
Project("{8BC9CEB8-8B4A-11D0-8D11-00A0C91BC942}") = "AtlRegExpLib", "..\..\Library\AtlRegExpLib\AtlRegExpLib2015.vcxproj", "{B54FD971-C488-45DE-B7C5-0A0EB587F287}"
EndProject
Project("{8BC9CEB8-8B4A-11D0-8D11-00A0C91BC942}") = "DefectLib", "..\..\Library\DefectLib\DefectLib2015.vcxproj", "{49A7E523-23D9-4EB8-9E67-522874A270EA}"
EndProject
Project("{8BC9CEB8-8B4A-11D0-8D11-00A0C91BC942}") = "KizuBCP", "..\..\Library\KizuBCP\KizuBCP2015.vcxproj", "{909490BC-A25B-4E56-96C5-953BFD722129}"
EndProject
Project("{8BC9CEB8-8B4A-11D0-8D11-00A0C91BC942}") = "KizuLib", "..\..\Library\KizuLib\KizuLib2015.vcxproj", "{F1AC4980-774C-4FAF-AD15-FF810E9E492E}"
EndProject
Project("{8BC9CEB8-8B4A-11D0-8D11-00A0C91BC942}") = "KizuLibMFC", "..\..\Library\KizuLibMFC\KizuLibMFC2015.vcxproj", "{3916A2AB-5105-411A-A9BD-CA740CE84A07}"
EndProject
Project("{8BC9CEB8-8B4A-11D0-8D11-00A0C91BC942}") = "KizuODBC", "..\..\Library\KizuODBC\KizuODBC2015.vcxproj", "{BAC927A2-921F-4D38-89A3-DA4DDDACF8CD}"
EndProject
Project("{8BC9CEB8-8B4A-11D0-8D11-00A0C91BC942}") = "KizuSOCK3", "..\..\Library\KizuSOCK3\KizuSOCK32015.vcxproj", "{41A0A3A1-DB76-49E5-AA42-36CE3CFA929A}"
EndProject
Project("{8BC9CEB8-8B4A-11D0-8D11-00A0C91BC942}") = "HT_DEFECT", "..\HT_DEFECT\HT_DEFECT2015.vcxproj", "{7ADF7A3F-7105-401B-AF48-4FF86AC2C5CF}"
EndProject
Project("{8BC9CEB8-8B4A-11D0-8D11-00A0C91BC942}") = "TO_DEFECT", "..\TO_DEFECT\TO_DEFECT2015.vcxproj", "{CAEAE001-C94B-42A7-A548-5DDBFCF39374}"
EndProject
Project("{8BC9CEB8-8B4A-11D0-8D11-00A0C91BC942}") = "KizuMMX", "..\..\Library\KizuMMX\KizuMMX2015.vcxproj", "{33C94CFD-3AB2-442D-AED3-1950D082AAC3}"
EndProject
Project("{8BC9CEB8-8B4A-11D0-8D11-00A0C91BC942}") = "HY_DEFECT", "..\HY_DEFECT\HY_DEFECT2015.vcxproj", "{8BE6FB62-87BE-4C85-B643-FD0D8FF3D6C6}"
EndProject
Project("{8BC9CEB8-8B4A-11D0-8D11-00A0C91BC942}") = "TO_FFSERV", "..\TO_FFSERV\TO_FFSERV2015.vcxproj", "{30413021-CC9A-411D-A976-522B43A5BBB9}"
EndProject
Project("{8BC9CEB8-8B4A-11D0-8D11-00A0C91BC942}") = "TO_GETDAT", "..\TO_GETDAT\TO_GETDAT2015.vcxproj", "{9B02E99B-8628-4D4D-9627-08722E2661DA}"
EndProject
Project("{8BC9CEB8-8B4A-11D0-8D11-00A0C91BC942}") = "TO_MAEDAT", "..\TO_MAEDAT\TO_MAEDAT2015.vcxproj", "{6B5C2AF0-A545-4A08-A632-E149FFE779A8}"
EndProject
Project("{8BC9CEB8-8B4A-11D0-8D11-00A0C91BC942}") = "TO_SEQDM", "..\TO_SEQDM\TO_SEQDM2015.vcxproj", "{F38C73B1-AA66-4932-ACB6-134956760FAB}"
EndProject
Project("{8BC9CEB8-8B4A-11D0-8D11-00A0C91BC942}") = "TO_PUTDAT", "..\TO_PUTDAT\TO_PUTDAT2015.vcxproj", "{BC7C92C5-07F5-43C1-80E1-2E758AD56AEE}"
EndProject
Project("{8BC9CEB8-8B4A-11D0-8D11-00A0C91BC942}") = "TI_RPISAVE", "..\TI_RPISAVE\TI_RPISAVE2015.vcxproj", "{7F13CB31-D590-4DFD-9A71-B37D6FA9BEE1}"
EndProject
Project("{8BC9CEB8-8B4A-11D0-8D11-00A0C91BC942}") = "TO_PROCON", "..\TO_PROCON\TO_PROCON2015.vcxproj", "{BE7AA24E-D594-4EBE-967A-021457479FB3}"
EndProject
Global
	GlobalSection(SolutionConfigurationPlatforms) = preSolution
		Debug|x64 = Debug|x64
		Debug|x86 = Debug|x86
		Release|x64 = Release|x64
		Release|x86 = Release|x86
		Template|x64 = Template|x64
		Template|x86 = Template|x86
	EndGlobalSection
	GlobalSection(ProjectConfigurationPlatforms) = postSolution
		{B54FD971-C488-45DE-B7C5-0A0EB587F287}.Debug|x64.ActiveCfg = Debug|x64
		{B54FD971-C488-45DE-B7C5-0A0EB587F287}.Debug|x64.Build.0 = Debug|x64
		{B54FD971-C488-45DE-B7C5-0A0EB587F287}.Debug|x86.ActiveCfg = Debug|Win32
		{B54FD971-C488-45DE-B7C5-0A0EB587F287}.Release|x64.ActiveCfg = Release|x64
		{B54FD971-C488-45DE-B7C5-0A0EB587F287}.Release|x64.Build.0 = Release|x64
		{B54FD971-C488-45DE-B7C5-0A0EB587F287}.Release|x86.ActiveCfg = Release|Win32
		{B54FD971-C488-45DE-B7C5-0A0EB587F287}.Template|x64.ActiveCfg = Release|x64
		{B54FD971-C488-45DE-B7C5-0A0EB587F287}.Template|x64.Build.0 = Release|x64
		{B54FD971-C488-45DE-B7C5-0A0EB587F287}.Template|x86.ActiveCfg = Release|Win32
		{B54FD971-C488-45DE-B7C5-0A0EB587F287}.Template|x86.Build.0 = Release|Win32
		{49A7E523-23D9-4EB8-9E67-522874A270EA}.Debug|x64.ActiveCfg = Debug|x64
		{49A7E523-23D9-4EB8-9E67-522874A270EA}.Debug|x64.Build.0 = Debug|x64
		{49A7E523-23D9-4EB8-9E67-522874A270EA}.Debug|x86.ActiveCfg = Debug|Win32
		{49A7E523-23D9-4EB8-9E67-522874A270EA}.Debug|x86.Build.0 = Debug|Win32
		{49A7E523-23D9-4EB8-9E67-522874A270EA}.Release|x64.ActiveCfg = Release|x64
		{49A7E523-23D9-4EB8-9E67-522874A270EA}.Release|x64.Build.0 = Release|x64
		{49A7E523-23D9-4EB8-9E67-522874A270EA}.Release|x86.ActiveCfg = Release|Win32
		{49A7E523-23D9-4EB8-9E67-522874A270EA}.Release|x86.Build.0 = Release|Win32
		{49A7E523-23D9-4EB8-9E67-522874A270EA}.Template|x64.ActiveCfg = Release|x64
		{49A7E523-23D9-4EB8-9E67-522874A270EA}.Template|x64.Build.0 = Release|x64
		{49A7E523-23D9-4EB8-9E67-522874A270EA}.Template|x86.ActiveCfg = Release|Win32
		{49A7E523-23D9-4EB8-9E67-522874A270EA}.Template|x86.Build.0 = Release|Win32
		{909490BC-A25B-4E56-96C5-953BFD722129}.Debug|x64.ActiveCfg = Debug|x64
		{909490BC-A25B-4E56-96C5-953BFD722129}.Debug|x64.Build.0 = Debug|x64
		{909490BC-A25B-4E56-96C5-953BFD722129}.Debug|x86.ActiveCfg = Debug|Win32
		{909490BC-A25B-4E56-96C5-953BFD722129}.Release|x64.ActiveCfg = Release|x64
		{909490BC-A25B-4E56-96C5-953BFD722129}.Release|x64.Build.0 = Release|x64
		{909490BC-A25B-4E56-96C5-953BFD722129}.Release|x86.ActiveCfg = Release|Win32
		{909490BC-A25B-4E56-96C5-953BFD722129}.Template|x64.ActiveCfg = Release|x64
		{909490BC-A25B-4E56-96C5-953BFD722129}.Template|x64.Build.0 = Release|x64
		{909490BC-A25B-4E56-96C5-953BFD722129}.Template|x86.ActiveCfg = Release|Win32
		{909490BC-A25B-4E56-96C5-953BFD722129}.Template|x86.Build.0 = Release|Win32
		{F1AC4980-774C-4FAF-AD15-FF810E9E492E}.Debug|x64.ActiveCfg = Debug|x64
		{F1AC4980-774C-4FAF-AD15-FF810E9E492E}.Debug|x64.Build.0 = Debug|x64
		{F1AC4980-774C-4FAF-AD15-FF810E9E492E}.Debug|x86.ActiveCfg = Debug|Win32
		{F1AC4980-774C-4FAF-AD15-FF810E9E492E}.Debug|x86.Build.0 = Debug|Win32
		{F1AC4980-774C-4FAF-AD15-FF810E9E492E}.Release|x64.ActiveCfg = Release|x64
		{F1AC4980-774C-4FAF-AD15-FF810E9E492E}.Release|x64.Build.0 = Release|x64
		{F1AC4980-774C-4FAF-AD15-FF810E9E492E}.Release|x86.ActiveCfg = Release|Win32
		{F1AC4980-774C-4FAF-AD15-FF810E9E492E}.Release|x86.Build.0 = Release|Win32
		{F1AC4980-774C-4FAF-AD15-FF810E9E492E}.Template|x64.ActiveCfg = Release|x64
		{F1AC4980-774C-4FAF-AD15-FF810E9E492E}.Template|x64.Build.0 = Release|x64
		{F1AC4980-774C-4FAF-AD15-FF810E9E492E}.Template|x86.ActiveCfg = Release|Win32
		{F1AC4980-774C-4FAF-AD15-FF810E9E492E}.Template|x86.Build.0 = Release|Win32
		{3916A2AB-5105-411A-A9BD-CA740CE84A07}.Debug|x64.ActiveCfg = Debug|x64
		{3916A2AB-5105-411A-A9BD-CA740CE84A07}.Debug|x64.Build.0 = Debug|x64
		{3916A2AB-5105-411A-A9BD-CA740CE84A07}.Debug|x86.ActiveCfg = Debug|Win32
		{3916A2AB-5105-411A-A9BD-CA740CE84A07}.Debug|x86.Build.0 = Debug|Win32
		{3916A2AB-5105-411A-A9BD-CA740CE84A07}.Release|x64.ActiveCfg = Release|x64
		{3916A2AB-5105-411A-A9BD-CA740CE84A07}.Release|x64.Build.0 = Release|x64
		{3916A2AB-5105-411A-A9BD-CA740CE84A07}.Release|x86.ActiveCfg = Release|Win32
		{3916A2AB-5105-411A-A9BD-CA740CE84A07}.Release|x86.Build.0 = Release|Win32
		{3916A2AB-5105-411A-A9BD-CA740CE84A07}.Template|x64.ActiveCfg = Release|x64
		{3916A2AB-5105-411A-A9BD-CA740CE84A07}.Template|x64.Build.0 = Release|x64
		{3916A2AB-5105-411A-A9BD-CA740CE84A07}.Template|x86.ActiveCfg = Release|Win32
		{3916A2AB-5105-411A-A9BD-CA740CE84A07}.Template|x86.Build.0 = Release|Win32
		{BAC927A2-921F-4D38-89A3-DA4DDDACF8CD}.Debug|x64.ActiveCfg = Debug|x64
		{BAC927A2-921F-4D38-89A3-DA4DDDACF8CD}.Debug|x64.Build.0 = Debug|x64
		{BAC927A2-921F-4D38-89A3-DA4DDDACF8CD}.Debug|x86.ActiveCfg = Debug|Win32
		{BAC927A2-921F-4D38-89A3-DA4DDDACF8CD}.Debug|x86.Build.0 = Debug|Win32
		{BAC927A2-921F-4D38-89A3-DA4DDDACF8CD}.Release|x64.ActiveCfg = Release|x64
		{BAC927A2-921F-4D38-89A3-DA4DDDACF8CD}.Release|x64.Build.0 = Release|x64
		{BAC927A2-921F-4D38-89A3-DA4DDDACF8CD}.Release|x86.ActiveCfg = Release|Win32
		{BAC927A2-921F-4D38-89A3-DA4DDDACF8CD}.Release|x86.Build.0 = Release|Win32
		{BAC927A2-921F-4D38-89A3-DA4DDDACF8CD}.Template|x64.ActiveCfg = Release|x64
		{BAC927A2-921F-4D38-89A3-DA4DDDACF8CD}.Template|x64.Build.0 = Release|x64
		{BAC927A2-921F-4D38-89A3-DA4DDDACF8CD}.Template|x86.ActiveCfg = Release|Win32
		{BAC927A2-921F-4D38-89A3-DA4DDDACF8CD}.Template|x86.Build.0 = Release|Win32
		{41A0A3A1-DB76-49E5-AA42-36CE3CFA929A}.Debug|x64.ActiveCfg = Debug|x64
		{41A0A3A1-DB76-49E5-AA42-36CE3CFA929A}.Debug|x64.Build.0 = Debug|x64
		{41A0A3A1-DB76-49E5-AA42-36CE3CFA929A}.Debug|x86.ActiveCfg = Debug|Win32
		{41A0A3A1-DB76-49E5-AA42-36CE3CFA929A}.Release|x64.ActiveCfg = Release|x64
		{41A0A3A1-DB76-49E5-AA42-36CE3CFA929A}.Release|x64.Build.0 = Release|x64
		{41A0A3A1-DB76-49E5-AA42-36CE3CFA929A}.Release|x86.ActiveCfg = Release|Win32
		{41A0A3A1-DB76-49E5-AA42-36CE3CFA929A}.Template|x64.ActiveCfg = Release|x64
		{41A0A3A1-DB76-49E5-AA42-36CE3CFA929A}.Template|x64.Build.0 = Release|x64
		{41A0A3A1-DB76-49E5-AA42-36CE3CFA929A}.Template|x86.ActiveCfg = Release|Win32
		{41A0A3A1-DB76-49E5-AA42-36CE3CFA929A}.Template|x86.Build.0 = Release|Win32
		{7ADF7A3F-7105-401B-AF48-4FF86AC2C5CF}.Debug|x64.ActiveCfg = Debug|x64
		{7ADF7A3F-7105-401B-AF48-4FF86AC2C5CF}.Debug|x64.Build.0 = Debug|x64
		{7ADF7A3F-7105-401B-AF48-4FF86AC2C5CF}.Debug|x86.ActiveCfg = Debug|Win32
		{7ADF7A3F-7105-401B-AF48-4FF86AC2C5CF}.Release|x64.ActiveCfg = Release|x64
		{7ADF7A3F-7105-401B-AF48-4FF86AC2C5CF}.Release|x64.Build.0 = Release|x64
		{7ADF7A3F-7105-401B-AF48-4FF86AC2C5CF}.Release|x86.ActiveCfg = Release|Win32
		{7ADF7A3F-7105-401B-AF48-4FF86AC2C5CF}.Template|x64.ActiveCfg = Template|x64
		{7ADF7A3F-7105-401B-AF48-4FF86AC2C5CF}.Template|x64.Build.0 = Template|x64
		{7ADF7A3F-7105-401B-AF48-4FF86AC2C5CF}.Template|x86.ActiveCfg = Template|Win32
		{7ADF7A3F-7105-401B-AF48-4FF86AC2C5CF}.Template|x86.Build.0 = Template|Win32
		{CAEAE001-C94B-42A7-A548-5DDBFCF39374}.Debug|x64.ActiveCfg = Debug|x64
		{CAEAE001-C94B-42A7-A548-5DDBFCF39374}.Debug|x64.Build.0 = Debug|x64
		{CAEAE001-C94B-42A7-A548-5DDBFCF39374}.Debug|x86.ActiveCfg = Debug|Win32
		{CAEAE001-C94B-42A7-A548-5DDBFCF39374}.Release|x64.ActiveCfg = Release|x64
		{CAEAE001-C94B-42A7-A548-5DDBFCF39374}.Release|x64.Build.0 = Release|x64
		{CAEAE001-C94B-42A7-A548-5DDBFCF39374}.Release|x86.ActiveCfg = Release|Win32
		{CAEAE001-C94B-42A7-A548-5DDBFCF39374}.Template|x64.ActiveCfg = Release|x64
		{CAEAE001-C94B-42A7-A548-5DDBFCF39374}.Template|x64.Build.0 = Release|x64
		{CAEAE001-C94B-42A7-A548-5DDBFCF39374}.Template|x86.ActiveCfg = Release|Win32
		{CAEAE001-C94B-42A7-A548-5DDBFCF39374}.Template|x86.Build.0 = Release|Win32
		{33C94CFD-3AB2-442D-AED3-1950D082AAC3}.Debug|x64.ActiveCfg = Debug|x64
		{33C94CFD-3AB2-442D-AED3-1950D082AAC3}.Debug|x64.Build.0 = Debug|x64
		{33C94CFD-3AB2-442D-AED3-1950D082AAC3}.Debug|x86.ActiveCfg = Debug|Win32
		{33C94CFD-3AB2-442D-AED3-1950D082AAC3}.Debug|x86.Build.0 = Debug|Win32
		{33C94CFD-3AB2-442D-AED3-1950D082AAC3}.Release|x64.ActiveCfg = Release|x64
		{33C94CFD-3AB2-442D-AED3-1950D082AAC3}.Release|x64.Build.0 = Release|x64
		{33C94CFD-3AB2-442D-AED3-1950D082AAC3}.Release|x86.ActiveCfg = Release|Win32
		{33C94CFD-3AB2-442D-AED3-1950D082AAC3}.Release|x86.Build.0 = Release|Win32
		{33C94CFD-3AB2-442D-AED3-1950D082AAC3}.Template|x64.ActiveCfg = Release|x64
		{33C94CFD-3AB2-442D-AED3-1950D082AAC3}.Template|x64.Build.0 = Release|x64
		{33C94CFD-3AB2-442D-AED3-1950D082AAC3}.Template|x86.ActiveCfg = Release|Win32
		{33C94CFD-3AB2-442D-AED3-1950D082AAC3}.Template|x86.Build.0 = Release|Win32
		{8BE6FB62-87BE-4C85-B643-FD0D8FF3D6C6}.Debug|x64.ActiveCfg = Debug|x64
		{8BE6FB62-87BE-4C85-B643-FD0D8FF3D6C6}.Debug|x64.Build.0 = Debug|x64
		{8BE6FB62-87BE-4C85-B643-FD0D8FF3D6C6}.Debug|x86.ActiveCfg = Debug|Win32
		{8BE6FB62-87BE-4C85-B643-FD0D8FF3D6C6}.Release|x64.ActiveCfg = Release|x64
		{8BE6FB62-87BE-4C85-B643-FD0D8FF3D6C6}.Release|x64.Build.0 = Release|x64
		{8BE6FB62-87BE-4C85-B643-FD0D8FF3D6C6}.Release|x86.ActiveCfg = Release|Win32
		{8BE6FB62-87BE-4C85-B643-FD0D8FF3D6C6}.Template|x64.ActiveCfg = Release|x64
		{8BE6FB62-87BE-4C85-B643-FD0D8FF3D6C6}.Template|x64.Build.0 = Release|x64
		{8BE6FB62-87BE-4C85-B643-FD0D8FF3D6C6}.Template|x86.ActiveCfg = Release|Win32
		{8BE6FB62-87BE-4C85-B643-FD0D8FF3D6C6}.Template|x86.Build.0 = Release|Win32
		{30413021-CC9A-411D-A976-522B43A5BBB9}.Debug|x64.ActiveCfg = Debug|x64
		{30413021-CC9A-411D-A976-522B43A5BBB9}.Debug|x64.Build.0 = Debug|x64
		{30413021-CC9A-411D-A976-522B43A5BBB9}.Debug|x86.ActiveCfg = Debug|Win32
		{30413021-CC9A-411D-A976-522B43A5BBB9}.Release|x64.ActiveCfg = Release|x64
		{30413021-CC9A-411D-A976-522B43A5BBB9}.Release|x64.Build.0 = Release|x64
		{30413021-CC9A-411D-A976-522B43A5BBB9}.Release|x86.ActiveCfg = Release|Win32
		{30413021-CC9A-411D-A976-522B43A5BBB9}.Template|x64.ActiveCfg = Release|x64
		{30413021-CC9A-411D-A976-522B43A5BBB9}.Template|x64.Build.0 = Release|x64
		{30413021-CC9A-411D-A976-522B43A5BBB9}.Template|x86.ActiveCfg = Release|Win32
		{30413021-CC9A-411D-A976-522B43A5BBB9}.Template|x86.Build.0 = Release|Win32
		{9B02E99B-8628-4D4D-9627-08722E2661DA}.Debug|x64.ActiveCfg = Debug|x64
		{9B02E99B-8628-4D4D-9627-08722E2661DA}.Debug|x64.Build.0 = Debug|x64
		{9B02E99B-8628-4D4D-9627-08722E2661DA}.Debug|x86.ActiveCfg = Debug|Win32
		{9B02E99B-8628-4D4D-9627-08722E2661DA}.Release|x64.ActiveCfg = Release|x64
		{9B02E99B-8628-4D4D-9627-08722E2661DA}.Release|x64.Build.0 = Release|x64
		{9B02E99B-8628-4D4D-9627-08722E2661DA}.Release|x86.ActiveCfg = Release|Win32
		{9B02E99B-8628-4D4D-9627-08722E2661DA}.Template|x64.ActiveCfg = Release|x64
		{9B02E99B-8628-4D4D-9627-08722E2661DA}.Template|x64.Build.0 = Release|x64
		{9B02E99B-8628-4D4D-9627-08722E2661DA}.Template|x86.ActiveCfg = Release|Win32
		{9B02E99B-8628-4D4D-9627-08722E2661DA}.Template|x86.Build.0 = Release|Win32
		{6B5C2AF0-A545-4A08-A632-E149FFE779A8}.Debug|x64.ActiveCfg = Debug|x64
		{6B5C2AF0-A545-4A08-A632-E149FFE779A8}.Debug|x64.Build.0 = Debug|x64
		{6B5C2AF0-A545-4A08-A632-E149FFE779A8}.Debug|x86.ActiveCfg = Debug|Win32
		{6B5C2AF0-A545-4A08-A632-E149FFE779A8}.Release|x64.ActiveCfg = Release|x64
		{6B5C2AF0-A545-4A08-A632-E149FFE779A8}.Release|x64.Build.0 = Release|x64
		{6B5C2AF0-A545-4A08-A632-E149FFE779A8}.Release|x86.ActiveCfg = Release|Win32
		{6B5C2AF0-A545-4A08-A632-E149FFE779A8}.Template|x64.ActiveCfg = Release|x64
		{6B5C2AF0-A545-4A08-A632-E149FFE779A8}.Template|x64.Build.0 = Release|x64
		{6B5C2AF0-A545-4A08-A632-E149FFE779A8}.Template|x86.ActiveCfg = Release|Win32
		{6B5C2AF0-A545-4A08-A632-E149FFE779A8}.Template|x86.Build.0 = Release|Win32
		{F38C73B1-AA66-4932-ACB6-134956760FAB}.Debug|x64.ActiveCfg = Debug|x64
		{F38C73B1-AA66-4932-ACB6-134956760FAB}.Debug|x86.ActiveCfg = Debug|Win32
		{F38C73B1-AA66-4932-ACB6-134956760FAB}.Debug|x86.Build.0 = Debug|Win32
		{F38C73B1-AA66-4932-ACB6-134956760FAB}.Release|x64.ActiveCfg = Release|x64
		{F38C73B1-AA66-4932-ACB6-134956760FAB}.Release|x86.ActiveCfg = Release|Win32
		{F38C73B1-AA66-4932-ACB6-134956760FAB}.Release|x86.Build.0 = Release|Win32
		{F38C73B1-AA66-4932-ACB6-134956760FAB}.Template|x64.ActiveCfg = Release|x64
		{F38C73B1-AA66-4932-ACB6-134956760FAB}.Template|x64.Build.0 = Release|x64
		{F38C73B1-AA66-4932-ACB6-134956760FAB}.Template|x86.ActiveCfg = Release|Win32
		{F38C73B1-AA66-4932-ACB6-134956760FAB}.Template|x86.Build.0 = Release|Win32
		{BC7C92C5-07F5-43C1-80E1-2E758AD56AEE}.Debug|x64.ActiveCfg = Debug|x64
		{BC7C92C5-07F5-43C1-80E1-2E758AD56AEE}.Debug|x64.Build.0 = Debug|x64
		{BC7C92C5-07F5-43C1-80E1-2E758AD56AEE}.Debug|x86.ActiveCfg = Debug|Win32
		{BC7C92C5-07F5-43C1-80E1-2E758AD56AEE}.Release|x64.ActiveCfg = Release|x64
		{BC7C92C5-07F5-43C1-80E1-2E758AD56AEE}.Release|x64.Build.0 = Release|x64
		{BC7C92C5-07F5-43C1-80E1-2E758AD56AEE}.Release|x86.ActiveCfg = Release|Win32
		{BC7C92C5-07F5-43C1-80E1-2E758AD56AEE}.Template|x64.ActiveCfg = Release|x64
		{BC7C92C5-07F5-43C1-80E1-2E758AD56AEE}.Template|x64.Build.0 = Release|x64
		{BC7C92C5-07F5-43C1-80E1-2E758AD56AEE}.Template|x86.ActiveCfg = Release|Win32
		{BC7C92C5-07F5-43C1-80E1-2E758AD56AEE}.Template|x86.Build.0 = Release|Win32
		{7F13CB31-D590-4DFD-9A71-B37D6FA9BEE1}.Debug|x64.ActiveCfg = Debug|x64
		{7F13CB31-D590-4DFD-9A71-B37D6FA9BEE1}.Debug|x64.Build.0 = Debug|x64
		{7F13CB31-D590-4DFD-9A71-B37D6FA9BEE1}.Debug|x86.ActiveCfg = Debug|Win32
		{7F13CB31-D590-4DFD-9A71-B37D6FA9BEE1}.Release|x64.ActiveCfg = Release|x64
		{7F13CB31-D590-4DFD-9A71-B37D6FA9BEE1}.Release|x64.Build.0 = Release|x64
		{7F13CB31-D590-4DFD-9A71-B37D6FA9BEE1}.Release|x86.ActiveCfg = Release|Win32
		{7F13CB31-D590-4DFD-9A71-B37D6FA9BEE1}.Template|x64.ActiveCfg = Release|x64
		{7F13CB31-D590-4DFD-9A71-B37D6FA9BEE1}.Template|x64.Build.0 = Release|x64
		{7F13CB31-D590-4DFD-9A71-B37D6FA9BEE1}.Template|x86.ActiveCfg = Release|Win32
		{7F13CB31-D590-4DFD-9A71-B37D6FA9BEE1}.Template|x86.Build.0 = Release|Win32
		{BE7AA24E-D594-4EBE-967A-021457479FB3}.Debug|x64.ActiveCfg = Debug|x64
		{BE7AA24E-D594-4EBE-967A-021457479FB3}.Debug|x64.Build.0 = Debug|x64
		{BE7AA24E-D594-4EBE-967A-021457479FB3}.Debug|x86.ActiveCfg = Debug|Win32
		{BE7AA24E-D594-4EBE-967A-021457479FB3}.Debug|x86.Build.0 = Debug|Win32
		{BE7AA24E-D594-4EBE-967A-021457479FB3}.Release|x64.ActiveCfg = Release|x64
		{BE7AA24E-D594-4EBE-967A-021457479FB3}.Release|x64.Build.0 = Release|x64
		{BE7AA24E-D594-4EBE-967A-021457479FB3}.Release|x86.ActiveCfg = Release|Win32
		{BE7AA24E-D594-4EBE-967A-021457479FB3}.Release|x86.Build.0 = Release|Win32
		{BE7AA24E-D594-4EBE-967A-021457479FB3}.Template|x64.ActiveCfg = Release|x64
		{BE7AA24E-D594-4EBE-967A-021457479FB3}.Template|x64.Build.0 = Release|x64
		{BE7AA24E-D594-4EBE-967A-021457479FB3}.Template|x86.ActiveCfg = Release|Win32
		{BE7AA24E-D594-4EBE-967A-021457479FB3}.Template|x86.Build.0 = Release|Win32
	EndGlobalSection
	GlobalSection(SolutionProperties) = preSolution
		HideSolutionNode = FALSE
	EndGlobalSection
EndGlobal
