
Microsoft Visual Studio Solution File, Format Version 12.00
# Visual Studio 14
VisualStudioVersion = 14.0.25420.1
MinimumVisualStudioVersion = 10.0.40219.1
Project("{F184B08F-C81C-45F6-A57F-5ABD9991F28F}") = "KizuForm2015", "..\..\Library\KizuForm\KizuForm2015.vbproj", "{7804679D-F0D1-4C19-BDD3-11E6BDCE4030}"
EndProject
Project("{F184B08F-C81C-45F6-A57F-5ABD9991F28F}") = "tClassForm2015", "..\..\Library\tClassForm\tClassForm2015.vbproj", "{2A0234A6-C555-47A3-AEC2-5E7828EC0BA1}"
EndProject
Project("{F184B08F-C81C-45F6-A57F-5ABD9991F28F}") = "tClassLibrary2015", "..\..\Library\tClassLibrary\tClassLibrary2015.vbproj", "{F8144424-2197-479C-9BB0-89D2DA9C5847}"
EndProject
Project("{F184B08F-C81C-45F6-A57F-5ABD9991F28F}") = "KA_PARCOLOR2015", "..\KA_PARCOLOR\KA_PARCOLOR2015.vbproj", "{0DC8AF3E-006B-453D-A4C8-27AB647655DC}"
EndProject
Project("{F184B08F-C81C-45F6-A57F-5ABD9991F28F}") = "KA_PARSET2015", "..\KA_PARSET\KA_PARSET2015.vbproj", "{191BA349-5136-49DB-A120-D11370BF3FBB}"
EndProject
Project("{F184B08F-C81C-45F6-A57F-5ABD9991F28F}") = "HY_DEFLIST2015", "..\HY_DEFLIST\HY_DEFLIST2015.vbproj", "{206D3232-A8A0-4E04-A231-A97611741943}"
EndProject
Project("{F184B08F-C81C-45F6-A57F-5ABD9991F28F}") = "HY_TANSHO2015", "..\HY_TANSHO\HY_TANSHO2015.vbproj", "{AC46CFDD-2FAC-4593-8BF3-EA562129F331}"
EndProject
Project("{F184B08F-C81C-45F6-A57F-5ABD9991F28F}") = "KS_BACKUP2015", "..\KS_BACKUP\KS_BACKUP2015.vbproj", "{ADDDE1FB-3121-4C81-8FEC-9371667B62FF}"
EndProject
Project("{F184B08F-C81C-45F6-A57F-5ABD9991F28F}") = "KS_WAKEUP2015", "..\..\SRC_LIB\KS_WAKEUP\KS_WAKEUP2015.vbproj", "{6743AFE8-6B21-459F-A4EB-364DAD1A1DED}"
EndProject
Project("{F184B08F-C81C-45F6-A57F-5ABD9991F28F}") = "SO_GAMENN2015", "..\SO_GAMENN\SO_GAMENN2015.vbproj", "{83DC9328-9759-426D-91F6-23C4C23E79B0}"
EndProject
Project("{F184B08F-C81C-45F6-A57F-5ABD9991F28F}") = "SO_TRAND2015", "..\SO_TRAND\SO_TRAND2015.vbproj", "{6BC537FA-7277-4464-AE87-D0AD94D3F52C}"
EndProject
Project("{F184B08F-C81C-45F6-A57F-5ABD9991F28F}") = "SO_DEFMAP2015", "..\SO_DEFMAP\SO_DEFMAP2015.vbproj", "{5C4D1365-F1D5-4866-BB85-1599E0AF1655}"
EndProject
Global
	GlobalSection(SolutionConfigurationPlatforms) = preSolution
		Debug|Any CPU = Debug|Any CPU
		Debug|x64 = Debug|x64
		Debug|x86 = Debug|x86
		Release|Any CPU = Release|Any CPU
		Release|x64 = Release|x64
		Release|x86 = Release|x86
	EndGlobalSection
	GlobalSection(ProjectConfigurationPlatforms) = postSolution
		{7804679D-F0D1-4C19-BDD3-11E6BDCE4030}.Debug|Any CPU.ActiveCfg = Debug|Any CPU
		{7804679D-F0D1-4C19-BDD3-11E6BDCE4030}.Debug|Any CPU.Build.0 = Debug|Any CPU
		{7804679D-F0D1-4C19-BDD3-11E6BDCE4030}.Debug|x64.ActiveCfg = Debug|Any CPU
		{7804679D-F0D1-4C19-BDD3-11E6BDCE4030}.Debug|x64.Build.0 = Debug|Any CPU
		{7804679D-F0D1-4C19-BDD3-11E6BDCE4030}.Debug|x86.ActiveCfg = Debug|x86
		{7804679D-F0D1-4C19-BDD3-11E6BDCE4030}.Debug|x86.Build.0 = Debug|x86
		{7804679D-F0D1-4C19-BDD3-11E6BDCE4030}.Release|Any CPU.ActiveCfg = Release|Any CPU
		{7804679D-F0D1-4C19-BDD3-11E6BDCE4030}.Release|Any CPU.Build.0 = Release|Any CPU
		{7804679D-F0D1-4C19-BDD3-11E6BDCE4030}.Release|x64.ActiveCfg = Release|Any CPU
		{7804679D-F0D1-4C19-BDD3-11E6BDCE4030}.Release|x64.Build.0 = Release|Any CPU
		{7804679D-F0D1-4C19-BDD3-11E6BDCE4030}.Release|x86.ActiveCfg = Release|x86
		{7804679D-F0D1-4C19-BDD3-11E6BDCE4030}.Release|x86.Build.0 = Release|x86
		{2A0234A6-C555-47A3-AEC2-5E7828EC0BA1}.Debug|Any CPU.ActiveCfg = Debug|Any CPU
		{2A0234A6-C555-47A3-AEC2-5E7828EC0BA1}.Debug|Any CPU.Build.0 = Debug|Any CPU
		{2A0234A6-C555-47A3-AEC2-5E7828EC0BA1}.Debug|x64.ActiveCfg = Debug|Any CPU
		{2A0234A6-C555-47A3-AEC2-5E7828EC0BA1}.Debug|x64.Build.0 = Debug|Any CPU
		{2A0234A6-C555-47A3-AEC2-5E7828EC0BA1}.Debug|x86.ActiveCfg = Debug|x86
		{2A0234A6-C555-47A3-AEC2-5E7828EC0BA1}.Debug|x86.Build.0 = Debug|x86
		{2A0234A6-C555-47A3-AEC2-5E7828EC0BA1}.Release|Any CPU.ActiveCfg = Release|Any CPU
		{2A0234A6-C555-47A3-AEC2-5E7828EC0BA1}.Release|Any CPU.Build.0 = Release|Any CPU
		{2A0234A6-C555-47A3-AEC2-5E7828EC0BA1}.Release|x64.ActiveCfg = Release|Any CPU
		{2A0234A6-C555-47A3-AEC2-5E7828EC0BA1}.Release|x64.Build.0 = Release|Any CPU
		{2A0234A6-C555-47A3-AEC2-5E7828EC0BA1}.Release|x86.ActiveCfg = Release|x86
		{2A0234A6-C555-47A3-AEC2-5E7828EC0BA1}.Release|x86.Build.0 = Release|x86
		{F8144424-2197-479C-9BB0-89D2DA9C5847}.Debug|Any CPU.ActiveCfg = Debug|Any CPU
		{F8144424-2197-479C-9BB0-89D2DA9C5847}.Debug|Any CPU.Build.0 = Debug|Any CPU
		{F8144424-2197-479C-9BB0-89D2DA9C5847}.Debug|x64.ActiveCfg = Debug|Any CPU
		{F8144424-2197-479C-9BB0-89D2DA9C5847}.Debug|x64.Build.0 = Debug|Any CPU
		{F8144424-2197-479C-9BB0-89D2DA9C5847}.Debug|x86.ActiveCfg = Debug|x86
		{F8144424-2197-479C-9BB0-89D2DA9C5847}.Debug|x86.Build.0 = Debug|x86
		{F8144424-2197-479C-9BB0-89D2DA9C5847}.Release|Any CPU.ActiveCfg = Release|Any CPU
		{F8144424-2197-479C-9BB0-89D2DA9C5847}.Release|Any CPU.Build.0 = Release|Any CPU
		{F8144424-2197-479C-9BB0-89D2DA9C5847}.Release|x64.ActiveCfg = Release|Any CPU
		{F8144424-2197-479C-9BB0-89D2DA9C5847}.Release|x64.Build.0 = Release|Any CPU
		{F8144424-2197-479C-9BB0-89D2DA9C5847}.Release|x86.ActiveCfg = Release|x86
		{F8144424-2197-479C-9BB0-89D2DA9C5847}.Release|x86.Build.0 = Release|x86
		{0DC8AF3E-006B-453D-A4C8-27AB647655DC}.Debug|Any CPU.ActiveCfg = Debug|Any CPU
		{0DC8AF3E-006B-453D-A4C8-27AB647655DC}.Debug|Any CPU.Build.0 = Debug|Any CPU
		{0DC8AF3E-006B-453D-A4C8-27AB647655DC}.Debug|x64.ActiveCfg = Debug|Any CPU
		{0DC8AF3E-006B-453D-A4C8-27AB647655DC}.Debug|x64.Build.0 = Debug|Any CPU
		{0DC8AF3E-006B-453D-A4C8-27AB647655DC}.Debug|x86.ActiveCfg = Debug|x86
		{0DC8AF3E-006B-453D-A4C8-27AB647655DC}.Debug|x86.Build.0 = Debug|x86
		{0DC8AF3E-006B-453D-A4C8-27AB647655DC}.Release|Any CPU.ActiveCfg = Release|Any CPU
		{0DC8AF3E-006B-453D-A4C8-27AB647655DC}.Release|Any CPU.Build.0 = Release|Any CPU
		{0DC8AF3E-006B-453D-A4C8-27AB647655DC}.Release|x64.ActiveCfg = Release|Any CPU
		{0DC8AF3E-006B-453D-A4C8-27AB647655DC}.Release|x64.Build.0 = Release|Any CPU
		{0DC8AF3E-006B-453D-A4C8-27AB647655DC}.Release|x86.ActiveCfg = Release|x86
		{0DC8AF3E-006B-453D-A4C8-27AB647655DC}.Release|x86.Build.0 = Release|x86
		{191BA349-5136-49DB-A120-D11370BF3FBB}.Debug|Any CPU.ActiveCfg = Debug|Any CPU
		{191BA349-5136-49DB-A120-D11370BF3FBB}.Debug|Any CPU.Build.0 = Debug|Any CPU
		{191BA349-5136-49DB-A120-D11370BF3FBB}.Debug|x64.ActiveCfg = Debug|Any CPU
		{191BA349-5136-49DB-A120-D11370BF3FBB}.Debug|x64.Build.0 = Debug|Any CPU
		{191BA349-5136-49DB-A120-D11370BF3FBB}.Debug|x86.ActiveCfg = Debug|x86
		{191BA349-5136-49DB-A120-D11370BF3FBB}.Debug|x86.Build.0 = Debug|x86
		{191BA349-5136-49DB-A120-D11370BF3FBB}.Release|Any CPU.ActiveCfg = Release|Any CPU
		{191BA349-5136-49DB-A120-D11370BF3FBB}.Release|Any CPU.Build.0 = Release|Any CPU
		{191BA349-5136-49DB-A120-D11370BF3FBB}.Release|x64.ActiveCfg = Release|Any CPU
		{191BA349-5136-49DB-A120-D11370BF3FBB}.Release|x64.Build.0 = Release|Any CPU
		{191BA349-5136-49DB-A120-D11370BF3FBB}.Release|x86.ActiveCfg = Release|x86
		{191BA349-5136-49DB-A120-D11370BF3FBB}.Release|x86.Build.0 = Release|x86
		{206D3232-A8A0-4E04-A231-A97611741943}.Debug|Any CPU.ActiveCfg = Debug|Any CPU
		{206D3232-A8A0-4E04-A231-A97611741943}.Debug|Any CPU.Build.0 = Debug|Any CPU
		{206D3232-A8A0-4E04-A231-A97611741943}.Debug|x64.ActiveCfg = Debug|Any CPU
		{206D3232-A8A0-4E04-A231-A97611741943}.Debug|x64.Build.0 = Debug|Any CPU
		{206D3232-A8A0-4E04-A231-A97611741943}.Debug|x86.ActiveCfg = Debug|x86
		{206D3232-A8A0-4E04-A231-A97611741943}.Debug|x86.Build.0 = Debug|x86
		{206D3232-A8A0-4E04-A231-A97611741943}.Release|Any CPU.ActiveCfg = Release|Any CPU
		{206D3232-A8A0-4E04-A231-A97611741943}.Release|Any CPU.Build.0 = Release|Any CPU
		{206D3232-A8A0-4E04-A231-A97611741943}.Release|x64.ActiveCfg = Release|Any CPU
		{206D3232-A8A0-4E04-A231-A97611741943}.Release|x64.Build.0 = Release|Any CPU
		{206D3232-A8A0-4E04-A231-A97611741943}.Release|x86.ActiveCfg = Release|x86
		{206D3232-A8A0-4E04-A231-A97611741943}.Release|x86.Build.0 = Release|x86
		{AC46CFDD-2FAC-4593-8BF3-EA562129F331}.Debug|Any CPU.ActiveCfg = Debug|Any CPU
		{AC46CFDD-2FAC-4593-8BF3-EA562129F331}.Debug|Any CPU.Build.0 = Debug|Any CPU
		{AC46CFDD-2FAC-4593-8BF3-EA562129F331}.Debug|x64.ActiveCfg = Debug|Any CPU
		{AC46CFDD-2FAC-4593-8BF3-EA562129F331}.Debug|x64.Build.0 = Debug|Any CPU
		{AC46CFDD-2FAC-4593-8BF3-EA562129F331}.Debug|x86.ActiveCfg = Debug|x86
		{AC46CFDD-2FAC-4593-8BF3-EA562129F331}.Debug|x86.Build.0 = Debug|x86
		{AC46CFDD-2FAC-4593-8BF3-EA562129F331}.Release|Any CPU.ActiveCfg = Release|Any CPU
		{AC46CFDD-2FAC-4593-8BF3-EA562129F331}.Release|Any CPU.Build.0 = Release|Any CPU
		{AC46CFDD-2FAC-4593-8BF3-EA562129F331}.Release|x64.ActiveCfg = Release|Any CPU
		{AC46CFDD-2FAC-4593-8BF3-EA562129F331}.Release|x64.Build.0 = Release|Any CPU
		{AC46CFDD-2FAC-4593-8BF3-EA562129F331}.Release|x86.ActiveCfg = Release|x86
		{AC46CFDD-2FAC-4593-8BF3-EA562129F331}.Release|x86.Build.0 = Release|x86
		{ADDDE1FB-3121-4C81-8FEC-9371667B62FF}.Debug|Any CPU.ActiveCfg = Debug|Any CPU
		{ADDDE1FB-3121-4C81-8FEC-9371667B62FF}.Debug|Any CPU.Build.0 = Debug|Any CPU
		{ADDDE1FB-3121-4C81-8FEC-9371667B62FF}.Debug|x64.ActiveCfg = Debug|Any CPU
		{ADDDE1FB-3121-4C81-8FEC-9371667B62FF}.Debug|x64.Build.0 = Debug|Any CPU
		{ADDDE1FB-3121-4C81-8FEC-9371667B62FF}.Debug|x86.ActiveCfg = Debug|x86
		{ADDDE1FB-3121-4C81-8FEC-9371667B62FF}.Debug|x86.Build.0 = Debug|x86
		{ADDDE1FB-3121-4C81-8FEC-9371667B62FF}.Release|Any CPU.ActiveCfg = Release|Any CPU
		{ADDDE1FB-3121-4C81-8FEC-9371667B62FF}.Release|Any CPU.Build.0 = Release|Any CPU
		{ADDDE1FB-3121-4C81-8FEC-9371667B62FF}.Release|x64.ActiveCfg = Release|Any CPU
		{ADDDE1FB-3121-4C81-8FEC-9371667B62FF}.Release|x64.Build.0 = Release|Any CPU
		{ADDDE1FB-3121-4C81-8FEC-9371667B62FF}.Release|x86.ActiveCfg = Release|x86
		{ADDDE1FB-3121-4C81-8FEC-9371667B62FF}.Release|x86.Build.0 = Release|x86
		{6743AFE8-6B21-459F-A4EB-364DAD1A1DED}.Debug|Any CPU.ActiveCfg = Debug|Any CPU
		{6743AFE8-6B21-459F-A4EB-364DAD1A1DED}.Debug|Any CPU.Build.0 = Debug|Any CPU
		{6743AFE8-6B21-459F-A4EB-364DAD1A1DED}.Debug|x64.ActiveCfg = Debug|Any CPU
		{6743AFE8-6B21-459F-A4EB-364DAD1A1DED}.Debug|x64.Build.0 = Debug|Any CPU
		{6743AFE8-6B21-459F-A4EB-364DAD1A1DED}.Debug|x86.ActiveCfg = Debug|x86
		{6743AFE8-6B21-459F-A4EB-364DAD1A1DED}.Debug|x86.Build.0 = Debug|x86
		{6743AFE8-6B21-459F-A4EB-364DAD1A1DED}.Release|Any CPU.ActiveCfg = Release|Any CPU
		{6743AFE8-6B21-459F-A4EB-364DAD1A1DED}.Release|Any CPU.Build.0 = Release|Any CPU
		{6743AFE8-6B21-459F-A4EB-364DAD1A1DED}.Release|x64.ActiveCfg = Release|Any CPU
		{6743AFE8-6B21-459F-A4EB-364DAD1A1DED}.Release|x64.Build.0 = Release|Any CPU
		{6743AFE8-6B21-459F-A4EB-364DAD1A1DED}.Release|x86.ActiveCfg = Release|x86
		{6743AFE8-6B21-459F-A4EB-364DAD1A1DED}.Release|x86.Build.0 = Release|x86
		{83DC9328-9759-426D-91F6-23C4C23E79B0}.Debug|Any CPU.ActiveCfg = Debug|Any CPU
		{83DC9328-9759-426D-91F6-23C4C23E79B0}.Debug|Any CPU.Build.0 = Debug|Any CPU
		{83DC9328-9759-426D-91F6-23C4C23E79B0}.Debug|x64.ActiveCfg = Debug|Any CPU
		{83DC9328-9759-426D-91F6-23C4C23E79B0}.Debug|x64.Build.0 = Debug|Any CPU
		{83DC9328-9759-426D-91F6-23C4C23E79B0}.Debug|x86.ActiveCfg = Debug|x86
		{83DC9328-9759-426D-91F6-23C4C23E79B0}.Debug|x86.Build.0 = Debug|x86
		{83DC9328-9759-426D-91F6-23C4C23E79B0}.Release|Any CPU.ActiveCfg = Release|Any CPU
		{83DC9328-9759-426D-91F6-23C4C23E79B0}.Release|Any CPU.Build.0 = Release|Any CPU
		{83DC9328-9759-426D-91F6-23C4C23E79B0}.Release|x64.ActiveCfg = Release|Any CPU
		{83DC9328-9759-426D-91F6-23C4C23E79B0}.Release|x64.Build.0 = Release|Any CPU
		{83DC9328-9759-426D-91F6-23C4C23E79B0}.Release|x86.ActiveCfg = Release|x86
		{83DC9328-9759-426D-91F6-23C4C23E79B0}.Release|x86.Build.0 = Release|x86
		{6BC537FA-7277-4464-AE87-D0AD94D3F52C}.Debug|Any CPU.ActiveCfg = Debug|Any CPU
		{6BC537FA-7277-4464-AE87-D0AD94D3F52C}.Debug|Any CPU.Build.0 = Debug|Any CPU
		{6BC537FA-7277-4464-AE87-D0AD94D3F52C}.Debug|x64.ActiveCfg = Debug|Any CPU
		{6BC537FA-7277-4464-AE87-D0AD94D3F52C}.Debug|x64.Build.0 = Debug|Any CPU
		{6BC537FA-7277-4464-AE87-D0AD94D3F52C}.Debug|x86.ActiveCfg = Debug|Any CPU
		{6BC537FA-7277-4464-AE87-D0AD94D3F52C}.Debug|x86.Build.0 = Debug|Any CPU
		{6BC537FA-7277-4464-AE87-D0AD94D3F52C}.Release|Any CPU.ActiveCfg = Release|Any CPU
		{6BC537FA-7277-4464-AE87-D0AD94D3F52C}.Release|Any CPU.Build.0 = Release|Any CPU
		{6BC537FA-7277-4464-AE87-D0AD94D3F52C}.Release|x64.ActiveCfg = Release|Any CPU
		{6BC537FA-7277-4464-AE87-D0AD94D3F52C}.Release|x64.Build.0 = Release|Any CPU
		{6BC537FA-7277-4464-AE87-D0AD94D3F52C}.Release|x86.ActiveCfg = Release|Any CPU
		{6BC537FA-7277-4464-AE87-D0AD94D3F52C}.Release|x86.Build.0 = Release|Any CPU
		{5C4D1365-F1D5-4866-BB85-1599E0AF1655}.Debug|Any CPU.ActiveCfg = Debug|Any CPU
		{5C4D1365-F1D5-4866-BB85-1599E0AF1655}.Debug|Any CPU.Build.0 = Debug|Any CPU
		{5C4D1365-F1D5-4866-BB85-1599E0AF1655}.Debug|x64.ActiveCfg = Debug|Any CPU
		{5C4D1365-F1D5-4866-BB85-1599E0AF1655}.Debug|x64.Build.0 = Debug|Any CPU
		{5C4D1365-F1D5-4866-BB85-1599E0AF1655}.Debug|x86.ActiveCfg = Debug|Any CPU
		{5C4D1365-F1D5-4866-BB85-1599E0AF1655}.Debug|x86.Build.0 = Debug|Any CPU
		{5C4D1365-F1D5-4866-BB85-1599E0AF1655}.Release|Any CPU.ActiveCfg = Release|Any CPU
		{5C4D1365-F1D5-4866-BB85-1599E0AF1655}.Release|Any CPU.Build.0 = Release|Any CPU
		{5C4D1365-F1D5-4866-BB85-1599E0AF1655}.Release|x64.ActiveCfg = Release|Any CPU
		{5C4D1365-F1D5-4866-BB85-1599E0AF1655}.Release|x64.Build.0 = Release|Any CPU
		{5C4D1365-F1D5-4866-BB85-1599E0AF1655}.Release|x86.ActiveCfg = Release|Any CPU
		{5C4D1365-F1D5-4866-BB85-1599E0AF1655}.Release|x86.Build.0 = Release|Any CPU
	EndGlobalSection
	GlobalSection(SolutionProperties) = preSolution
		HideSolutionNode = FALSE
	EndGlobalSection
EndGlobal
